// !$*UTF8*$!
{
	archiveVersion = 1;
	classes = {
	};
	objectVersion = 55;
	objects = {

/* Begin PBXBuildFile section */
		06C049F45EF1CDEEE6E24CC8 /* Pods_SeSACFriendsTests.framework in Frameworks */ = {isa = PBXBuildFile; fileRef = 6C95A841631C8898B6E69A73 /* Pods_SeSACFriendsTests.framework */; };
		2D7B7F9726AF47AEEEADAD76 /* Pods_SeSACFriends_SeSACFriendsUITests.framework in Frameworks */ = {isa = PBXBuildFile; fileRef = A8063A38DB2F299881D70CA6 /* Pods_SeSACFriends_SeSACFriendsUITests.framework */; };
		B5010C7827A054C400AD689A /* CommonAPI.swift in Sources */ = {isa = PBXBuildFile; fileRef = B5010C7727A054C400AD689A /* CommonAPI.swift */; };
		B5010C7B27A05E0100AD689A /* CommonTarget.swift in Sources */ = {isa = PBXBuildFile; fileRef = B5010C7A27A05E0100AD689A /* CommonTarget.swift */; };
		B5010C7E27A05FEF00AD689A /* MoyaSupports.swift in Sources */ = {isa = PBXBuildFile; fileRef = B5010C7D27A05FEF00AD689A /* MoyaSupports.swift */; };
		B5010C8027A064C600AD689A /* Dictionary.swift in Sources */ = {isa = PBXBuildFile; fileRef = B5010C7F27A064C600AD689A /* Dictionary.swift */; };
		B502375827B4F7B30090C66D /* HobbyView.swift in Sources */ = {isa = PBXBuildFile; fileRef = B502375727B4F7B30090C66D /* HobbyView.swift */; };
		B50463642799576400885DAD /* StyleStateChangeable.swift in Sources */ = {isa = PBXBuildFile; fileRef = B50463632799576400885DAD /* StyleStateChangeable.swift */; };
		B504636627999A1F00885DAD /* PhoneNumberView.swift in Sources */ = {isa = PBXBuildFile; fileRef = B504636527999A1F00885DAD /* PhoneNumberView.swift */; };
		B504636827999CFE00885DAD /* ParagraphLabel.swift in Sources */ = {isa = PBXBuildFile; fileRef = B504636727999CFE00885DAD /* ParagraphLabel.swift */; };
		B50463732799BA8B00885DAD /* AuthCodeViewController.swift in Sources */ = {isa = PBXBuildFile; fileRef = B50463712799BA8B00885DAD /* AuthCodeViewController.swift */; };
		B50463742799BA8B00885DAD /* AuthCodeView.swift in Sources */ = {isa = PBXBuildFile; fileRef = B50463722799BA8B00885DAD /* AuthCodeView.swift */; };
		B50463772799BBEE00885DAD /* NickenameView.swift in Sources */ = {isa = PBXBuildFile; fileRef = B50463762799BBEE00885DAD /* NickenameView.swift */; };
		B50463792799BC7E00885DAD /* NicknameViewController.swift in Sources */ = {isa = PBXBuildFile; fileRef = B50463782799BC7E00885DAD /* NicknameViewController.swift */; };
		B504637B2799C99300885DAD /* UIViewController.swift in Sources */ = {isa = PBXBuildFile; fileRef = B504637A2799C99300885DAD /* UIViewController.swift */; };
		B504637F2799CB2D00885DAD /* BirthView.swift in Sources */ = {isa = PBXBuildFile; fileRef = B504637E2799CB2D00885DAD /* BirthView.swift */; };
		B50463812799D68800885DAD /* BirthViewController.swift in Sources */ = {isa = PBXBuildFile; fileRef = B50463802799D68800885DAD /* BirthViewController.swift */; };
		B5046384279B152C00885DAD /* EmailView.swift in Sources */ = {isa = PBXBuildFile; fileRef = B5046383279B152C00885DAD /* EmailView.swift */; };
		B5046386279B153900885DAD /* EmailViewController.swift in Sources */ = {isa = PBXBuildFile; fileRef = B5046385279B153900885DAD /* EmailViewController.swift */; };
		B504638A279BDB7D00885DAD /* GenderView.swift in Sources */ = {isa = PBXBuildFile; fileRef = B5046389279BDB7D00885DAD /* GenderView.swift */; };
		B504638C279BDB8600885DAD /* GenderViewController.swift in Sources */ = {isa = PBXBuildFile; fileRef = B504638B279BDB8600885DAD /* GenderViewController.swift */; };
		B504638E279BF42900885DAD /* PhoneNumberViewModel.swift in Sources */ = {isa = PBXBuildFile; fileRef = B504638D279BF42900885DAD /* PhoneNumberViewModel.swift */; };
		B5046390279C05B700885DAD /* String.swift in Sources */ = {isa = PBXBuildFile; fileRef = B504638F279C05B700885DAD /* String.swift */; };
		B5046392279C5B2600885DAD /* AuthCodeViewModel.swift in Sources */ = {isa = PBXBuildFile; fileRef = B5046391279C5B2600885DAD /* AuthCodeViewModel.swift */; };
		B5046395279C8DB500885DAD /* MVVM+Base.swift in Sources */ = {isa = PBXBuildFile; fileRef = B5046394279C8DB500885DAD /* MVVM+Base.swift */; };
		B5046397279D829E00885DAD /* UIViewController+Rx.swift in Sources */ = {isa = PBXBuildFile; fileRef = B5046396279D829E00885DAD /* UIViewController+Rx.swift */; };
		B5046399279D82D800885DAD /* UITextField+Rx.swift in Sources */ = {isa = PBXBuildFile; fileRef = B5046398279D82D800885DAD /* UITextField+Rx.swift */; };
		B504639B279D82DE00885DAD /* UIButton+Rx.swift in Sources */ = {isa = PBXBuildFile; fileRef = B504639A279D82DE00885DAD /* UIButton+Rx.swift */; };
		B504639D279D853500885DAD /* UserDefault+Wrapper.swift in Sources */ = {isa = PBXBuildFile; fileRef = B504639C279D853500885DAD /* UserDefault+Wrapper.swift */; };
		B504639F279D873900885DAD /* Firebase.swift in Sources */ = {isa = PBXBuildFile; fileRef = B504639E279D873900885DAD /* Firebase.swift */; };
		B50463A3279DC52200885DAD /* Utils.swift in Sources */ = {isa = PBXBuildFile; fileRef = B50463A2279DC52200885DAD /* Utils.swift */; };
		B50463A5279DC6C900885DAD /* NicknameViewModel.swift in Sources */ = {isa = PBXBuildFile; fileRef = B50463A4279DC6C900885DAD /* NicknameViewModel.swift */; };
		B50463A7279DC72B00885DAD /* AuthAPI.swift in Sources */ = {isa = PBXBuildFile; fileRef = B50463A6279DC72B00885DAD /* AuthAPI.swift */; };
		B50463A9279DC88600885DAD /* SesacUserDefaults.swift in Sources */ = {isa = PBXBuildFile; fileRef = B50463A8279DC88600885DAD /* SesacUserDefaults.swift */; };
		B50463AB279E724300885DAD /* BirthViewModel.swift in Sources */ = {isa = PBXBuildFile; fileRef = B50463AA279E724300885DAD /* BirthViewModel.swift */; };
		B50463AD279E7A7D00885DAD /* Date.swift in Sources */ = {isa = PBXBuildFile; fileRef = B50463AC279E7A7D00885DAD /* Date.swift */; };
		B50463AF279E901D00885DAD /* EmailViewModel.swift in Sources */ = {isa = PBXBuildFile; fileRef = B50463AE279E901D00885DAD /* EmailViewModel.swift */; };
		B50463B1279EEACE00885DAD /* GenderViewModel.swift in Sources */ = {isa = PBXBuildFile; fileRef = B50463B0279EEACE00885DAD /* GenderViewModel.swift */; };
		B5100B7C279F0E27009BBF8D /* AuthTarget.swift in Sources */ = {isa = PBXBuildFile; fileRef = B5100B7B279F0E27009BBF8D /* AuthTarget.swift */; };
		B51756E227B2B70900E0B539 /* Onqueue.swift in Sources */ = {isa = PBXBuildFile; fileRef = B51756E127B2B70900E0B539 /* Onqueue.swift */; };
		B51756E427B2B84800E0B539 /* HomeViewModel.swift in Sources */ = {isa = PBXBuildFile; fileRef = B51756E327B2B84800E0B539 /* HomeViewModel.swift */; };
		B51756E627B2DB9C00E0B539 /* NMFMapView+Rx.swift in Sources */ = {isa = PBXBuildFile; fileRef = B51756E527B2DB9C00E0B539 /* NMFMapView+Rx.swift */; };
		B51756E827B2F41100E0B539 /* MarkerManager.swift in Sources */ = {isa = PBXBuildFile; fileRef = B51756E727B2F41100E0B539 /* MarkerManager.swift */; };
		B5344E4027A280C000A73EB2 /* RxExtension.swift in Sources */ = {isa = PBXBuildFile; fileRef = B5344E3F27A280C000A73EB2 /* RxExtension.swift */; };
		B53B9A5627A6F53600384FF5 /* RxServiceExtension.swift in Sources */ = {isa = PBXBuildFile; fileRef = B53B9A5527A6F53600384FF5 /* RxServiceExtension.swift */; };
		B53B9A5C27A9384200384FF5 /* MyInfoView.swift in Sources */ = {isa = PBXBuildFile; fileRef = B53B9A5B27A9384200384FF5 /* MyInfoView.swift */; };
		B53B9A6327A94D9600384FF5 /* Reusable.swift in Sources */ = {isa = PBXBuildFile; fileRef = B53B9A6227A94D9600384FF5 /* Reusable.swift */; };
		B53B9A6527A9502600384FF5 /* MyInfoViewController.swift in Sources */ = {isa = PBXBuildFile; fileRef = B53B9A6427A9502600384FF5 /* MyInfoViewController.swift */; };
		B53B9A6727A9564D00384FF5 /* MyInfoCell.swift in Sources */ = {isa = PBXBuildFile; fileRef = B53B9A6627A9564D00384FF5 /* MyInfoCell.swift */; };
		B53B9A6927A968E300384FF5 /* MyInfoViewModel.swift in Sources */ = {isa = PBXBuildFile; fileRef = B53B9A6827A968E300384FF5 /* MyInfoViewModel.swift */; };
		B53B9A6B27A96A5900384FF5 /* MyInfoSection.swift in Sources */ = {isa = PBXBuildFile; fileRef = B53B9A6A27A96A5900384FF5 /* MyInfoSection.swift */; };
		B53B9A6F27A992AB00384FF5 /* SettingMyInfoViewController.swift in Sources */ = {isa = PBXBuildFile; fileRef = B53B9A6E27A992AB00384FF5 /* SettingMyInfoViewController.swift */; };
		B53B9A7127A996E600384FF5 /* SettingMyInfoView.swift in Sources */ = {isa = PBXBuildFile; fileRef = B53B9A7027A996E600384FF5 /* SettingMyInfoView.swift */; };
		B53B9A7327A9991B00384FF5 /* Settings.swift in Sources */ = {isa = PBXBuildFile; fileRef = B53B9A7227A9991B00384FF5 /* Settings.swift */; };
		B53B9A7527A99D8500384FF5 /* UserCardImageView.swift in Sources */ = {isa = PBXBuildFile; fileRef = B53B9A7427A99D8500384FF5 /* UserCardImageView.swift */; };
		B53B9A7927A9B1EA00384FF5 /* UserCardView.swift in Sources */ = {isa = PBXBuildFile; fileRef = B53B9A7827A9B1EA00384FF5 /* UserCardView.swift */; };
		B53B9A7B27A9B34500384FF5 /* ReputationComponent.swift in Sources */ = {isa = PBXBuildFile; fileRef = B53B9A7A27A9B34500384FF5 /* ReputationComponent.swift */; };
		B54FDAD827B17A03005F4249 /* UIView.swift in Sources */ = {isa = PBXBuildFile; fileRef = B54FDAD727B17A03005F4249 /* UIView.swift */; };
		B54FDADB27B17BCB005F4249 /* GenderFilterView.swift in Sources */ = {isa = PBXBuildFile; fileRef = B54FDADA27B17BCB005F4249 /* GenderFilterView.swift */; };
		B54FDADD27B17C1C005F4249 /* MatchingStatusButton.swift in Sources */ = {isa = PBXBuildFile; fileRef = B54FDADC27B17C1C005F4249 /* MatchingStatusButton.swift */; };
		B54FDADF27B17C3D005F4249 /* HomeView.swift in Sources */ = {isa = PBXBuildFile; fileRef = B54FDADE27B17C3D005F4249 /* HomeView.swift */; };
		B54FDAE227B1A645005F4249 /* APIKeys.swift in Sources */ = {isa = PBXBuildFile; fileRef = B54FDAE127B1A645005F4249 /* APIKeys.swift */; };
		B54FDAE427B1A668005F4249 /* APIKeys.plist in Resources */ = {isa = PBXBuildFile; fileRef = B54FDAE327B1A668005F4249 /* APIKeys.plist */; };
		B54FDAE627B1B54D005F4249 /* SesacMapView.swift in Sources */ = {isa = PBXBuildFile; fileRef = B54FDAE527B1B54D005F4249 /* SesacMapView.swift */; };
		B55896FE27AEA40A00777B11 /* HomeViewController.swift in Sources */ = {isa = PBXBuildFile; fileRef = B55896FD27AEA40A00777B11 /* HomeViewController.swift */; };
		B558970027AEAA0B00777B11 /* SesacShopViewController.swift in Sources */ = {isa = PBXBuildFile; fileRef = B55896FF27AEAA0B00777B11 /* SesacShopViewController.swift */; };
		B558970227AEEEFD00777B11 /* SesacAlert.swift in Sources */ = {isa = PBXBuildFile; fileRef = B558970127AEEEFD00777B11 /* SesacAlert.swift */; };
		B567A8662797EB6A005433F8 /* IconButton.swift in Sources */ = {isa = PBXBuildFile; fileRef = B567A8652797EB6A005433F8 /* IconButton.swift */; };
		B567A86B27984E7B005433F8 /* swiftgen.yml in Resources */ = {isa = PBXBuildFile; fileRef = B567A86A27984E7B005433F8 /* swiftgen.yml */; };
		B567A86E2798517B005433F8 /* Colors.xcassets in Resources */ = {isa = PBXBuildFile; fileRef = B567A86D2798517B005433F8 /* Colors.xcassets */; };
		B567A870279851A9005433F8 /* Assets.xcassets in Resources */ = {isa = PBXBuildFile; fileRef = B567A86F279851A9005433F8 /* Assets.xcassets */; };
		B567A87927985E22005433F8 /* Assets+Generated.swift in Sources */ = {isa = PBXBuildFile; fileRef = B567A87727985E22005433F8 /* Assets+Generated.swift */; };
		B567A87A27985E22005433F8 /* Fonts+Generated.swift in Sources */ = {isa = PBXBuildFile; fileRef = B567A87827985E22005433F8 /* Fonts+Generated.swift */; };
		B567A87C27985F28005433F8 /* Fonts+Sementic.swift in Sources */ = {isa = PBXBuildFile; fileRef = B567A87B27985F28005433F8 /* Fonts+Sementic.swift */; };
		B567A88127987A36005433F8 /* AuthView.swift in Sources */ = {isa = PBXBuildFile; fileRef = B567A88027987A36005433F8 /* AuthView.swift */; };
		B567A88527990536005433F8 /* StateTextField.swift in Sources */ = {isa = PBXBuildFile; fileRef = B567A88427990536005433F8 /* StateTextField.swift */; };
		B57878F227AABCDC00BE2BF6 /* UserCardNickComponent.swift in Sources */ = {isa = PBXBuildFile; fileRef = B57878F127AABCDC00BE2BF6 /* UserCardNickComponent.swift */; };
		B57878F427AABF5300BE2BF6 /* UserCardCommentComponent.swift in Sources */ = {isa = PBXBuildFile; fileRef = B57878F327AABF5300BE2BF6 /* UserCardCommentComponent.swift */; };
		B57878F827AACF0D00BE2BF6 /* SettingGenderComponent.swift in Sources */ = {isa = PBXBuildFile; fileRef = B57878F727AACF0D00BE2BF6 /* SettingGenderComponent.swift */; };
		B58872FB27B57E9F000863AA /* HobbyViewController.swift in Sources */ = {isa = PBXBuildFile; fileRef = B58872FA27B57E9F000863AA /* HobbyViewController.swift */; };
		B58872FF27B57F6A000863AA /* SearchSesacViewController.swift in Sources */ = {isa = PBXBuildFile; fileRef = B58872FE27B57F6A000863AA /* SearchSesacViewController.swift */; };
		B588730227B57F9C000863AA /* ChattingViewController.swift in Sources */ = {isa = PBXBuildFile; fileRef = B588730127B57F9C000863AA /* ChattingViewController.swift */; };
		B5C0FA462795DB5A00BE997E /* AppDelegate.swift in Sources */ = {isa = PBXBuildFile; fileRef = B5C0FA452795DB5A00BE997E /* AppDelegate.swift */; };
		B5C0FA482795DB5A00BE997E /* SceneDelegate.swift in Sources */ = {isa = PBXBuildFile; fileRef = B5C0FA472795DB5A00BE997E /* SceneDelegate.swift */; };
		B5C0FA4A2795DB5A00BE997E /* PhoneNumberViewController.swift in Sources */ = {isa = PBXBuildFile; fileRef = B5C0FA492795DB5A00BE997E /* PhoneNumberViewController.swift */; };
		B5C0FA522795DB5B00BE997E /* LaunchScreen.storyboard in Resources */ = {isa = PBXBuildFile; fileRef = B5C0FA502795DB5B00BE997E /* LaunchScreen.storyboard */; };
		B5C0FA5D2795DB5B00BE997E /* SeSACFriendsTests.swift in Sources */ = {isa = PBXBuildFile; fileRef = B5C0FA5C2795DB5B00BE997E /* SeSACFriendsTests.swift */; };
		B5C0FA672795DB5B00BE997E /* SeSACFriendsUITests.swift in Sources */ = {isa = PBXBuildFile; fileRef = B5C0FA662795DB5B00BE997E /* SeSACFriendsUITests.swift */; };
		B5C0FA692795DB5B00BE997E /* SeSACFriendsUITestsLaunchTests.swift in Sources */ = {isa = PBXBuildFile; fileRef = B5C0FA682795DB5B00BE997E /* SeSACFriendsUITestsLaunchTests.swift */; };
		B5C0FA802795EBD400BE997E /* .swiftlint.yml in Resources */ = {isa = PBXBuildFile; fileRef = B5C0FA7F2795EBD400BE997E /* .swiftlint.yml */; };
		B5C0FA872795F89400BE997E /* MainViewController.swift in Sources */ = {isa = PBXBuildFile; fileRef = B5C0FA862795F89400BE997E /* MainViewController.swift */; };
		B5C0FA89279698AE00BE997E /* GoogleService-Info.plist in Resources */ = {isa = PBXBuildFile; fileRef = B5C0FA88279698AD00BE997E /* GoogleService-Info.plist */; };
		B5C0FA9A2796A8A500BE997E /* NotoSansKR-Medium.otf in Resources */ = {isa = PBXBuildFile; fileRef = B5C0FA982796A8A500BE997E /* NotoSansKR-Medium.otf */; };
		B5C0FA9B2796A8A500BE997E /* NotoSansKR-Regular.otf in Resources */ = {isa = PBXBuildFile; fileRef = B5C0FA992796A8A500BE997E /* NotoSansKR-Regular.otf */; };
		B5C0FAA02796D2A700BE997E /* StateButton.swift in Sources */ = {isa = PBXBuildFile; fileRef = B5C0FA9F2796D2A700BE997E /* StateButton.swift */; };
		B5C1440627AC2B1A007C9BD5 /* User.swift in Sources */ = {isa = PBXBuildFile; fileRef = B5C1440527AC2B1A007C9BD5 /* User.swift */; };
		B5F0186B27B29DF50020346C /* QueueTarget.swift in Sources */ = {isa = PBXBuildFile; fileRef = B5F0186A27B29DF50020346C /* QueueTarget.swift */; };
		B5F0186D27B2A0520020346C /* QueueAPI.swift in Sources */ = {isa = PBXBuildFile; fileRef = B5F0186C27B2A0520020346C /* QueueAPI.swift */; };
		B5F8542F27AB98DC0013FD3E /* SettingMyInfoViewModel.swift in Sources */ = {isa = PBXBuildFile; fileRef = B5F8542E27AB98DB0013FD3E /* SettingMyInfoViewModel.swift */; };
		B5F8543127AB9C780013FD3E /* SettingHobbyComponent.swift in Sources */ = {isa = PBXBuildFile; fileRef = B5F8543027AB9C780013FD3E /* SettingHobbyComponent.swift */; };
		B5F8543327ABA2120013FD3E /* SettingSearchableComponent.swift in Sources */ = {isa = PBXBuildFile; fileRef = B5F8543227ABA2120013FD3E /* SettingSearchableComponent.swift */; };
		B5F8543527ABA46A0013FD3E /* SetttingAgeGroupComponent.swift in Sources */ = {isa = PBXBuildFile; fileRef = B5F8543427ABA46A0013FD3E /* SetttingAgeGroupComponent.swift */; };
		B5F8543827AC0A0A0013FD3E /* OnboardingViewController.swift in Sources */ = {isa = PBXBuildFile; fileRef = B5F8543727AC0A0A0013FD3E /* OnboardingViewController.swift */; };
		D3AC3E4DAC33243FACD3AB08 /* Pods_SeSACFriends.framework in Frameworks */ = {isa = PBXBuildFile; fileRef = AFAD8C3227F3EB1C00EFEFB4 /* Pods_SeSACFriends.framework */; };
/* End PBXBuildFile section */

/* Begin PBXContainerItemProxy section */
		B5C0FA592795DB5B00BE997E /* PBXContainerItemProxy */ = {
			isa = PBXContainerItemProxy;
			containerPortal = B5C0FA3A2795DB5A00BE997E /* Project object */;
			proxyType = 1;
			remoteGlobalIDString = B5C0FA412795DB5A00BE997E;
			remoteInfo = SeSACFriends;
		};
		B5C0FA632795DB5B00BE997E /* PBXContainerItemProxy */ = {
			isa = PBXContainerItemProxy;
			containerPortal = B5C0FA3A2795DB5A00BE997E /* Project object */;
			proxyType = 1;
			remoteGlobalIDString = B5C0FA412795DB5A00BE997E;
			remoteInfo = SeSACFriends;
		};
/* End PBXContainerItemProxy section */

/* Begin PBXFileReference section */
		0A4F05330CDE67205DABF32C /* Pods-SeSACFriends-SeSACFriendsUITests.release.xcconfig */ = {isa = PBXFileReference; includeInIndex = 1; lastKnownFileType = text.xcconfig; name = "Pods-SeSACFriends-SeSACFriendsUITests.release.xcconfig"; path = "Target Support Files/Pods-SeSACFriends-SeSACFriendsUITests/Pods-SeSACFriends-SeSACFriendsUITests.release.xcconfig"; sourceTree = "<group>"; };
		1BE211EABFA1722848F0ED8D /* Pods-SeSACFriends.debug.xcconfig */ = {isa = PBXFileReference; includeInIndex = 1; lastKnownFileType = text.xcconfig; name = "Pods-SeSACFriends.debug.xcconfig"; path = "Target Support Files/Pods-SeSACFriends/Pods-SeSACFriends.debug.xcconfig"; sourceTree = "<group>"; };
		594CD0127833C5AC3F4374BC /* Pods-SeSACFriends-SeSACFriendsUITests.debug.xcconfig */ = {isa = PBXFileReference; includeInIndex = 1; lastKnownFileType = text.xcconfig; name = "Pods-SeSACFriends-SeSACFriendsUITests.debug.xcconfig"; path = "Target Support Files/Pods-SeSACFriends-SeSACFriendsUITests/Pods-SeSACFriends-SeSACFriendsUITests.debug.xcconfig"; sourceTree = "<group>"; };
		6C95A841631C8898B6E69A73 /* Pods_SeSACFriendsTests.framework */ = {isa = PBXFileReference; explicitFileType = wrapper.framework; includeInIndex = 0; path = Pods_SeSACFriendsTests.framework; sourceTree = BUILT_PRODUCTS_DIR; };
		861708C38600BEADE435267D /* Pods-SeSACFriendsTests.release.xcconfig */ = {isa = PBXFileReference; includeInIndex = 1; lastKnownFileType = text.xcconfig; name = "Pods-SeSACFriendsTests.release.xcconfig"; path = "Target Support Files/Pods-SeSACFriendsTests/Pods-SeSACFriendsTests.release.xcconfig"; sourceTree = "<group>"; };
		A8063A38DB2F299881D70CA6 /* Pods_SeSACFriends_SeSACFriendsUITests.framework */ = {isa = PBXFileReference; explicitFileType = wrapper.framework; includeInIndex = 0; path = Pods_SeSACFriends_SeSACFriendsUITests.framework; sourceTree = BUILT_PRODUCTS_DIR; };
		AFAD8C3227F3EB1C00EFEFB4 /* Pods_SeSACFriends.framework */ = {isa = PBXFileReference; explicitFileType = wrapper.framework; includeInIndex = 0; path = Pods_SeSACFriends.framework; sourceTree = BUILT_PRODUCTS_DIR; };
		B5010C7727A054C400AD689A /* CommonAPI.swift */ = {isa = PBXFileReference; lastKnownFileType = sourcecode.swift; path = CommonAPI.swift; sourceTree = "<group>"; };
		B5010C7A27A05E0100AD689A /* CommonTarget.swift */ = {isa = PBXFileReference; lastKnownFileType = sourcecode.swift; path = CommonTarget.swift; sourceTree = "<group>"; };
		B5010C7D27A05FEF00AD689A /* MoyaSupports.swift */ = {isa = PBXFileReference; lastKnownFileType = sourcecode.swift; path = MoyaSupports.swift; sourceTree = "<group>"; };
		B5010C7F27A064C600AD689A /* Dictionary.swift */ = {isa = PBXFileReference; lastKnownFileType = sourcecode.swift; path = Dictionary.swift; sourceTree = "<group>"; };
		B502375727B4F7B30090C66D /* HobbyView.swift */ = {isa = PBXFileReference; lastKnownFileType = sourcecode.swift; path = HobbyView.swift; sourceTree = "<group>"; };
		B50463632799576400885DAD /* StyleStateChangeable.swift */ = {isa = PBXFileReference; lastKnownFileType = sourcecode.swift; path = StyleStateChangeable.swift; sourceTree = "<group>"; };
		B504636527999A1F00885DAD /* PhoneNumberView.swift */ = {isa = PBXFileReference; lastKnownFileType = sourcecode.swift; path = PhoneNumberView.swift; sourceTree = "<group>"; };
		B504636727999CFE00885DAD /* ParagraphLabel.swift */ = {isa = PBXFileReference; lastKnownFileType = sourcecode.swift; path = ParagraphLabel.swift; sourceTree = "<group>"; };
		B50463712799BA8B00885DAD /* AuthCodeViewController.swift */ = {isa = PBXFileReference; fileEncoding = 4; lastKnownFileType = sourcecode.swift; path = AuthCodeViewController.swift; sourceTree = "<group>"; };
		B50463722799BA8B00885DAD /* AuthCodeView.swift */ = {isa = PBXFileReference; fileEncoding = 4; lastKnownFileType = sourcecode.swift; path = AuthCodeView.swift; sourceTree = "<group>"; };
		B50463762799BBEE00885DAD /* NickenameView.swift */ = {isa = PBXFileReference; lastKnownFileType = sourcecode.swift; path = NickenameView.swift; sourceTree = "<group>"; };
		B50463782799BC7E00885DAD /* NicknameViewController.swift */ = {isa = PBXFileReference; lastKnownFileType = sourcecode.swift; path = NicknameViewController.swift; sourceTree = "<group>"; };
		B504637A2799C99300885DAD /* UIViewController.swift */ = {isa = PBXFileReference; lastKnownFileType = sourcecode.swift; path = UIViewController.swift; sourceTree = "<group>"; };
		B504637E2799CB2D00885DAD /* BirthView.swift */ = {isa = PBXFileReference; lastKnownFileType = sourcecode.swift; path = BirthView.swift; sourceTree = "<group>"; };
		B50463802799D68800885DAD /* BirthViewController.swift */ = {isa = PBXFileReference; lastKnownFileType = sourcecode.swift; path = BirthViewController.swift; sourceTree = "<group>"; };
		B5046383279B152C00885DAD /* EmailView.swift */ = {isa = PBXFileReference; lastKnownFileType = sourcecode.swift; path = EmailView.swift; sourceTree = "<group>"; };
		B5046385279B153900885DAD /* EmailViewController.swift */ = {isa = PBXFileReference; lastKnownFileType = sourcecode.swift; path = EmailViewController.swift; sourceTree = "<group>"; };
		B5046389279BDB7D00885DAD /* GenderView.swift */ = {isa = PBXFileReference; lastKnownFileType = sourcecode.swift; path = GenderView.swift; sourceTree = "<group>"; };
		B504638B279BDB8600885DAD /* GenderViewController.swift */ = {isa = PBXFileReference; lastKnownFileType = sourcecode.swift; path = GenderViewController.swift; sourceTree = "<group>"; };
		B504638D279BF42900885DAD /* PhoneNumberViewModel.swift */ = {isa = PBXFileReference; lastKnownFileType = sourcecode.swift; path = PhoneNumberViewModel.swift; sourceTree = "<group>"; };
		B504638F279C05B700885DAD /* String.swift */ = {isa = PBXFileReference; lastKnownFileType = sourcecode.swift; path = String.swift; sourceTree = "<group>"; };
		B5046391279C5B2600885DAD /* AuthCodeViewModel.swift */ = {isa = PBXFileReference; lastKnownFileType = sourcecode.swift; path = AuthCodeViewModel.swift; sourceTree = "<group>"; };
		B5046394279C8DB500885DAD /* MVVM+Base.swift */ = {isa = PBXFileReference; lastKnownFileType = sourcecode.swift; path = "MVVM+Base.swift"; sourceTree = "<group>"; };
		B5046396279D829E00885DAD /* UIViewController+Rx.swift */ = {isa = PBXFileReference; lastKnownFileType = sourcecode.swift; path = "UIViewController+Rx.swift"; sourceTree = "<group>"; };
		B5046398279D82D800885DAD /* UITextField+Rx.swift */ = {isa = PBXFileReference; lastKnownFileType = sourcecode.swift; path = "UITextField+Rx.swift"; sourceTree = "<group>"; };
		B504639A279D82DE00885DAD /* UIButton+Rx.swift */ = {isa = PBXFileReference; lastKnownFileType = sourcecode.swift; path = "UIButton+Rx.swift"; sourceTree = "<group>"; };
		B504639C279D853500885DAD /* UserDefault+Wrapper.swift */ = {isa = PBXFileReference; lastKnownFileType = sourcecode.swift; path = "UserDefault+Wrapper.swift"; sourceTree = "<group>"; };
		B504639E279D873900885DAD /* Firebase.swift */ = {isa = PBXFileReference; lastKnownFileType = sourcecode.swift; path = Firebase.swift; sourceTree = "<group>"; };
		B50463A2279DC52200885DAD /* Utils.swift */ = {isa = PBXFileReference; lastKnownFileType = sourcecode.swift; path = Utils.swift; sourceTree = "<group>"; };
		B50463A4279DC6C900885DAD /* NicknameViewModel.swift */ = {isa = PBXFileReference; lastKnownFileType = sourcecode.swift; path = NicknameViewModel.swift; sourceTree = "<group>"; };
		B50463A6279DC72B00885DAD /* AuthAPI.swift */ = {isa = PBXFileReference; lastKnownFileType = sourcecode.swift; path = AuthAPI.swift; sourceTree = "<group>"; };
		B50463A8279DC88600885DAD /* SesacUserDefaults.swift */ = {isa = PBXFileReference; lastKnownFileType = sourcecode.swift; path = SesacUserDefaults.swift; sourceTree = "<group>"; };
		B50463AA279E724300885DAD /* BirthViewModel.swift */ = {isa = PBXFileReference; lastKnownFileType = sourcecode.swift; path = BirthViewModel.swift; sourceTree = "<group>"; };
		B50463AC279E7A7D00885DAD /* Date.swift */ = {isa = PBXFileReference; lastKnownFileType = sourcecode.swift; path = Date.swift; sourceTree = "<group>"; };
		B50463AE279E901D00885DAD /* EmailViewModel.swift */ = {isa = PBXFileReference; lastKnownFileType = sourcecode.swift; path = EmailViewModel.swift; sourceTree = "<group>"; };
		B50463B0279EEACE00885DAD /* GenderViewModel.swift */ = {isa = PBXFileReference; lastKnownFileType = sourcecode.swift; path = GenderViewModel.swift; sourceTree = "<group>"; };
		B5100B7B279F0E27009BBF8D /* AuthTarget.swift */ = {isa = PBXFileReference; lastKnownFileType = sourcecode.swift; path = AuthTarget.swift; sourceTree = "<group>"; };
		B51756E127B2B70900E0B539 /* Onqueue.swift */ = {isa = PBXFileReference; lastKnownFileType = sourcecode.swift; path = Onqueue.swift; sourceTree = "<group>"; };
		B51756E327B2B84800E0B539 /* HomeViewModel.swift */ = {isa = PBXFileReference; lastKnownFileType = sourcecode.swift; path = HomeViewModel.swift; sourceTree = "<group>"; };
		B51756E527B2DB9C00E0B539 /* NMFMapView+Rx.swift */ = {isa = PBXFileReference; lastKnownFileType = sourcecode.swift; path = "NMFMapView+Rx.swift"; sourceTree = "<group>"; };
		B51756E727B2F41100E0B539 /* MarkerManager.swift */ = {isa = PBXFileReference; lastKnownFileType = sourcecode.swift; path = MarkerManager.swift; sourceTree = "<group>"; };
		B5344E3F27A280C000A73EB2 /* RxExtension.swift */ = {isa = PBXFileReference; lastKnownFileType = sourcecode.swift; path = RxExtension.swift; sourceTree = "<group>"; };
		B53B43AE880673F048EA4D42 /* Pods-SeSACFriendsTests.debug.xcconfig */ = {isa = PBXFileReference; includeInIndex = 1; lastKnownFileType = text.xcconfig; name = "Pods-SeSACFriendsTests.debug.xcconfig"; path = "Target Support Files/Pods-SeSACFriendsTests/Pods-SeSACFriendsTests.debug.xcconfig"; sourceTree = "<group>"; };
		B53B9A5527A6F53600384FF5 /* RxServiceExtension.swift */ = {isa = PBXFileReference; lastKnownFileType = sourcecode.swift; path = RxServiceExtension.swift; sourceTree = "<group>"; };
		B53B9A5B27A9384200384FF5 /* MyInfoView.swift */ = {isa = PBXFileReference; lastKnownFileType = sourcecode.swift; path = MyInfoView.swift; sourceTree = "<group>"; };
		B53B9A6227A94D9600384FF5 /* Reusable.swift */ = {isa = PBXFileReference; lastKnownFileType = sourcecode.swift; path = Reusable.swift; sourceTree = "<group>"; };
		B53B9A6427A9502600384FF5 /* MyInfoViewController.swift */ = {isa = PBXFileReference; lastKnownFileType = sourcecode.swift; path = MyInfoViewController.swift; sourceTree = "<group>"; };
		B53B9A6627A9564D00384FF5 /* MyInfoCell.swift */ = {isa = PBXFileReference; fileEncoding = 4; lastKnownFileType = sourcecode.swift; path = MyInfoCell.swift; sourceTree = "<group>"; };
		B53B9A6827A968E300384FF5 /* MyInfoViewModel.swift */ = {isa = PBXFileReference; lastKnownFileType = sourcecode.swift; path = MyInfoViewModel.swift; sourceTree = "<group>"; };
		B53B9A6A27A96A5900384FF5 /* MyInfoSection.swift */ = {isa = PBXFileReference; lastKnownFileType = sourcecode.swift; path = MyInfoSection.swift; sourceTree = "<group>"; };
		B53B9A6E27A992AB00384FF5 /* SettingMyInfoViewController.swift */ = {isa = PBXFileReference; lastKnownFileType = sourcecode.swift; path = SettingMyInfoViewController.swift; sourceTree = "<group>"; };
		B53B9A7027A996E600384FF5 /* SettingMyInfoView.swift */ = {isa = PBXFileReference; lastKnownFileType = sourcecode.swift; path = SettingMyInfoView.swift; sourceTree = "<group>"; };
		B53B9A7227A9991B00384FF5 /* Settings.swift */ = {isa = PBXFileReference; lastKnownFileType = sourcecode.swift; path = Settings.swift; sourceTree = "<group>"; };
		B53B9A7427A99D8500384FF5 /* UserCardImageView.swift */ = {isa = PBXFileReference; lastKnownFileType = sourcecode.swift; path = UserCardImageView.swift; sourceTree = "<group>"; };
		B53B9A7827A9B1EA00384FF5 /* UserCardView.swift */ = {isa = PBXFileReference; lastKnownFileType = sourcecode.swift; path = UserCardView.swift; sourceTree = "<group>"; };
		B53B9A7A27A9B34500384FF5 /* ReputationComponent.swift */ = {isa = PBXFileReference; lastKnownFileType = sourcecode.swift; path = ReputationComponent.swift; sourceTree = "<group>"; };
		B54FDAD727B17A03005F4249 /* UIView.swift */ = {isa = PBXFileReference; lastKnownFileType = sourcecode.swift; path = UIView.swift; sourceTree = "<group>"; };
		B54FDADA27B17BCB005F4249 /* GenderFilterView.swift */ = {isa = PBXFileReference; lastKnownFileType = sourcecode.swift; path = GenderFilterView.swift; sourceTree = "<group>"; };
		B54FDADC27B17C1C005F4249 /* MatchingStatusButton.swift */ = {isa = PBXFileReference; lastKnownFileType = sourcecode.swift; path = MatchingStatusButton.swift; sourceTree = "<group>"; };
		B54FDADE27B17C3D005F4249 /* HomeView.swift */ = {isa = PBXFileReference; lastKnownFileType = sourcecode.swift; path = HomeView.swift; sourceTree = "<group>"; };
		B54FDAE127B1A645005F4249 /* APIKeys.swift */ = {isa = PBXFileReference; lastKnownFileType = sourcecode.swift; path = APIKeys.swift; sourceTree = "<group>"; };
		B54FDAE327B1A668005F4249 /* APIKeys.plist */ = {isa = PBXFileReference; fileEncoding = 4; lastKnownFileType = text.plist.xml; path = APIKeys.plist; sourceTree = "<group>"; };
		B54FDAE527B1B54D005F4249 /* SesacMapView.swift */ = {isa = PBXFileReference; lastKnownFileType = sourcecode.swift; path = SesacMapView.swift; sourceTree = "<group>"; };
		B55896FD27AEA40A00777B11 /* HomeViewController.swift */ = {isa = PBXFileReference; lastKnownFileType = sourcecode.swift; path = HomeViewController.swift; sourceTree = "<group>"; };
		B55896FF27AEAA0B00777B11 /* SesacShopViewController.swift */ = {isa = PBXFileReference; lastKnownFileType = sourcecode.swift; path = SesacShopViewController.swift; sourceTree = "<group>"; };
		B558970127AEEEFD00777B11 /* SesacAlert.swift */ = {isa = PBXFileReference; lastKnownFileType = sourcecode.swift; path = SesacAlert.swift; sourceTree = "<group>"; };
		B567A8652797EB6A005433F8 /* IconButton.swift */ = {isa = PBXFileReference; lastKnownFileType = sourcecode.swift; path = IconButton.swift; sourceTree = "<group>"; };
		B567A86A27984E7B005433F8 /* swiftgen.yml */ = {isa = PBXFileReference; fileEncoding = 4; lastKnownFileType = text.yaml; path = swiftgen.yml; sourceTree = "<group>"; };
		B567A86D2798517B005433F8 /* Colors.xcassets */ = {isa = PBXFileReference; lastKnownFileType = folder.assetcatalog; path = Colors.xcassets; sourceTree = "<group>"; };
		B567A86F279851A9005433F8 /* Assets.xcassets */ = {isa = PBXFileReference; lastKnownFileType = folder.assetcatalog; path = Assets.xcassets; sourceTree = "<group>"; };
		B567A87727985E22005433F8 /* Assets+Generated.swift */ = {isa = PBXFileReference; fileEncoding = 4; lastKnownFileType = sourcecode.swift; path = "Assets+Generated.swift"; sourceTree = "<group>"; };
		B567A87827985E22005433F8 /* Fonts+Generated.swift */ = {isa = PBXFileReference; fileEncoding = 4; lastKnownFileType = sourcecode.swift; path = "Fonts+Generated.swift"; sourceTree = "<group>"; };
		B567A87B27985F28005433F8 /* Fonts+Sementic.swift */ = {isa = PBXFileReference; lastKnownFileType = sourcecode.swift; path = "Fonts+Sementic.swift"; sourceTree = "<group>"; };
		B567A88027987A36005433F8 /* AuthView.swift */ = {isa = PBXFileReference; lastKnownFileType = sourcecode.swift; path = AuthView.swift; sourceTree = "<group>"; };
		B567A88427990536005433F8 /* StateTextField.swift */ = {isa = PBXFileReference; lastKnownFileType = sourcecode.swift; path = StateTextField.swift; sourceTree = "<group>"; };
		B57878F127AABCDC00BE2BF6 /* UserCardNickComponent.swift */ = {isa = PBXFileReference; lastKnownFileType = sourcecode.swift; path = UserCardNickComponent.swift; sourceTree = "<group>"; };
		B57878F327AABF5300BE2BF6 /* UserCardCommentComponent.swift */ = {isa = PBXFileReference; lastKnownFileType = sourcecode.swift; path = UserCardCommentComponent.swift; sourceTree = "<group>"; };
		B57878F727AACF0D00BE2BF6 /* SettingGenderComponent.swift */ = {isa = PBXFileReference; lastKnownFileType = sourcecode.swift; path = SettingGenderComponent.swift; sourceTree = "<group>"; };
		B58872FA27B57E9F000863AA /* HobbyViewController.swift */ = {isa = PBXFileReference; lastKnownFileType = sourcecode.swift; path = HobbyViewController.swift; sourceTree = "<group>"; };
		B58872FE27B57F6A000863AA /* SearchSesacViewController.swift */ = {isa = PBXFileReference; lastKnownFileType = sourcecode.swift; path = SearchSesacViewController.swift; sourceTree = "<group>"; };
		B588730127B57F9C000863AA /* ChattingViewController.swift */ = {isa = PBXFileReference; lastKnownFileType = sourcecode.swift; path = ChattingViewController.swift; sourceTree = "<group>"; };
		B5C0FA422795DB5A00BE997E /* SeSACFriends.app */ = {isa = PBXFileReference; explicitFileType = wrapper.application; includeInIndex = 0; path = SeSACFriends.app; sourceTree = BUILT_PRODUCTS_DIR; };
		B5C0FA452795DB5A00BE997E /* AppDelegate.swift */ = {isa = PBXFileReference; lastKnownFileType = sourcecode.swift; path = AppDelegate.swift; sourceTree = "<group>"; };
		B5C0FA472795DB5A00BE997E /* SceneDelegate.swift */ = {isa = PBXFileReference; lastKnownFileType = sourcecode.swift; path = SceneDelegate.swift; sourceTree = "<group>"; };
		B5C0FA492795DB5A00BE997E /* PhoneNumberViewController.swift */ = {isa = PBXFileReference; lastKnownFileType = sourcecode.swift; path = PhoneNumberViewController.swift; sourceTree = "<group>"; };
		B5C0FA512795DB5B00BE997E /* Base */ = {isa = PBXFileReference; lastKnownFileType = file.storyboard; name = Base; path = Base.lproj/LaunchScreen.storyboard; sourceTree = "<group>"; };
		B5C0FA532795DB5B00BE997E /* Info.plist */ = {isa = PBXFileReference; lastKnownFileType = text.plist.xml; path = Info.plist; sourceTree = "<group>"; };
		B5C0FA582795DB5B00BE997E /* SeSACFriendsTests.xctest */ = {isa = PBXFileReference; explicitFileType = wrapper.cfbundle; includeInIndex = 0; path = SeSACFriendsTests.xctest; sourceTree = BUILT_PRODUCTS_DIR; };
		B5C0FA5C2795DB5B00BE997E /* SeSACFriendsTests.swift */ = {isa = PBXFileReference; lastKnownFileType = sourcecode.swift; path = SeSACFriendsTests.swift; sourceTree = "<group>"; };
		B5C0FA622795DB5B00BE997E /* SeSACFriendsUITests.xctest */ = {isa = PBXFileReference; explicitFileType = wrapper.cfbundle; includeInIndex = 0; path = SeSACFriendsUITests.xctest; sourceTree = BUILT_PRODUCTS_DIR; };
		B5C0FA662795DB5B00BE997E /* SeSACFriendsUITests.swift */ = {isa = PBXFileReference; lastKnownFileType = sourcecode.swift; path = SeSACFriendsUITests.swift; sourceTree = "<group>"; };
		B5C0FA682795DB5B00BE997E /* SeSACFriendsUITestsLaunchTests.swift */ = {isa = PBXFileReference; lastKnownFileType = sourcecode.swift; path = SeSACFriendsUITestsLaunchTests.swift; sourceTree = "<group>"; };
		B5C0FA7F2795EBD400BE997E /* .swiftlint.yml */ = {isa = PBXFileReference; lastKnownFileType = text.yaml; path = .swiftlint.yml; sourceTree = "<group>"; };
		B5C0FA862795F89400BE997E /* MainViewController.swift */ = {isa = PBXFileReference; lastKnownFileType = sourcecode.swift; path = MainViewController.swift; sourceTree = "<group>"; };
		B5C0FA88279698AD00BE997E /* GoogleService-Info.plist */ = {isa = PBXFileReference; fileEncoding = 4; lastKnownFileType = text.plist.xml; path = "GoogleService-Info.plist"; sourceTree = "<group>"; };
		B5C0FA982796A8A500BE997E /* NotoSansKR-Medium.otf */ = {isa = PBXFileReference; lastKnownFileType = file; path = "NotoSansKR-Medium.otf"; sourceTree = "<group>"; };
		B5C0FA992796A8A500BE997E /* NotoSansKR-Regular.otf */ = {isa = PBXFileReference; lastKnownFileType = file; path = "NotoSansKR-Regular.otf"; sourceTree = "<group>"; };
		B5C0FA9F2796D2A700BE997E /* StateButton.swift */ = {isa = PBXFileReference; lastKnownFileType = sourcecode.swift; path = StateButton.swift; sourceTree = "<group>"; };
		B5C1440527AC2B1A007C9BD5 /* User.swift */ = {isa = PBXFileReference; lastKnownFileType = sourcecode.swift; path = User.swift; sourceTree = "<group>"; };
		B5F0186A27B29DF50020346C /* QueueTarget.swift */ = {isa = PBXFileReference; lastKnownFileType = sourcecode.swift; path = QueueTarget.swift; sourceTree = "<group>"; };
		B5F0186C27B2A0520020346C /* QueueAPI.swift */ = {isa = PBXFileReference; lastKnownFileType = sourcecode.swift; path = QueueAPI.swift; sourceTree = "<group>"; };
		B5F8542E27AB98DB0013FD3E /* SettingMyInfoViewModel.swift */ = {isa = PBXFileReference; lastKnownFileType = sourcecode.swift; path = SettingMyInfoViewModel.swift; sourceTree = "<group>"; };
		B5F8543027AB9C780013FD3E /* SettingHobbyComponent.swift */ = {isa = PBXFileReference; lastKnownFileType = sourcecode.swift; path = SettingHobbyComponent.swift; sourceTree = "<group>"; };
		B5F8543227ABA2120013FD3E /* SettingSearchableComponent.swift */ = {isa = PBXFileReference; lastKnownFileType = sourcecode.swift; path = SettingSearchableComponent.swift; sourceTree = "<group>"; };
		B5F8543427ABA46A0013FD3E /* SetttingAgeGroupComponent.swift */ = {isa = PBXFileReference; lastKnownFileType = sourcecode.swift; path = SetttingAgeGroupComponent.swift; sourceTree = "<group>"; };
		B5F8543727AC0A0A0013FD3E /* OnboardingViewController.swift */ = {isa = PBXFileReference; lastKnownFileType = sourcecode.swift; path = OnboardingViewController.swift; sourceTree = "<group>"; };
		D4C095AF49744C6D5D6656BB /* Pods-SeSACFriends.release.xcconfig */ = {isa = PBXFileReference; includeInIndex = 1; lastKnownFileType = text.xcconfig; name = "Pods-SeSACFriends.release.xcconfig"; path = "Target Support Files/Pods-SeSACFriends/Pods-SeSACFriends.release.xcconfig"; sourceTree = "<group>"; };
/* End PBXFileReference section */

/* Begin PBXFrameworksBuildPhase section */
		B5C0FA3F2795DB5A00BE997E /* Frameworks */ = {
			isa = PBXFrameworksBuildPhase;
			buildActionMask = 2147483647;
			files = (
				D3AC3E4DAC33243FACD3AB08 /* Pods_SeSACFriends.framework in Frameworks */,
			);
			runOnlyForDeploymentPostprocessing = 0;
		};
		B5C0FA552795DB5B00BE997E /* Frameworks */ = {
			isa = PBXFrameworksBuildPhase;
			buildActionMask = 2147483647;
			files = (
				06C049F45EF1CDEEE6E24CC8 /* Pods_SeSACFriendsTests.framework in Frameworks */,
			);
			runOnlyForDeploymentPostprocessing = 0;
		};
		B5C0FA5F2795DB5B00BE997E /* Frameworks */ = {
			isa = PBXFrameworksBuildPhase;
			buildActionMask = 2147483647;
			files = (
				2D7B7F9726AF47AEEEADAD76 /* Pods_SeSACFriends_SeSACFriendsUITests.framework in Frameworks */,
			);
			runOnlyForDeploymentPostprocessing = 0;
		};
/* End PBXFrameworksBuildPhase section */

/* Begin PBXGroup section */
		A5126230FCC72EAA618318BF /* Frameworks */ = {
			isa = PBXGroup;
			children = (
				AFAD8C3227F3EB1C00EFEFB4 /* Pods_SeSACFriends.framework */,
				A8063A38DB2F299881D70CA6 /* Pods_SeSACFriends_SeSACFriendsUITests.framework */,
				6C95A841631C8898B6E69A73 /* Pods_SeSACFriendsTests.framework */,
			);
			name = Frameworks;
			sourceTree = "<group>";
		};
		B5010C7927A05DF500AD689A /* Common */ = {
			isa = PBXGroup;
			children = (
				B5010C7A27A05E0100AD689A /* CommonTarget.swift */,
				B5010C7727A054C400AD689A /* CommonAPI.swift */,
			);
			path = Common;
			sourceTree = "<group>";
		};
		B5010C7C27A05E1500AD689A /* Auth */ = {
			isa = PBXGroup;
			children = (
				B5100B7B279F0E27009BBF8D /* AuthTarget.swift */,
				B50463A6279DC72B00885DAD /* AuthAPI.swift */,
			);
			path = Auth;
			sourceTree = "<group>";
		};
		B502375527B4F7500090C66D /* Home */ = {
			isa = PBXGroup;
			children = (
				B54FDADC27B17C1C005F4249 /* MatchingStatusButton.swift */,
				B54FDADA27B17BCB005F4249 /* GenderFilterView.swift */,
				B51756E727B2F41100E0B539 /* MarkerManager.swift */,
				B54FDAE527B1B54D005F4249 /* SesacMapView.swift */,
				B54FDADE27B17C3D005F4249 /* HomeView.swift */,
				B51756E327B2B84800E0B539 /* HomeViewModel.swift */,
				B55896FD27AEA40A00777B11 /* HomeViewController.swift */,
			);
			path = Home;
			sourceTree = "<group>";
		};
		B502375627B4F7780090C66D /* Hobby */ = {
			isa = PBXGroup;
			children = (
				B502375727B4F7B30090C66D /* HobbyView.swift */,
				B58872FA27B57E9F000863AA /* HobbyViewController.swift */,
			);
			path = Hobby;
			sourceTree = "<group>";
		};
		B50463692799ACD900885DAD /* PhoneNumber */ = {
			isa = PBXGroup;
			children = (
				B504636527999A1F00885DAD /* PhoneNumberView.swift */,
				B504638D279BF42900885DAD /* PhoneNumberViewModel.swift */,
				B5C0FA492795DB5A00BE997E /* PhoneNumberViewController.swift */,
			);
			path = PhoneNumber;
			sourceTree = "<group>";
		};
		B504636A2799AD0100885DAD /* AuthorizationCode */ = {
			isa = PBXGroup;
			children = (
				B50463722799BA8B00885DAD /* AuthCodeView.swift */,
				B5046391279C5B2600885DAD /* AuthCodeViewModel.swift */,
				B50463712799BA8B00885DAD /* AuthCodeViewController.swift */,
			);
			path = AuthorizationCode;
			sourceTree = "<group>";
		};
		B50463752799BB5300885DAD /* Nickname */ = {
			isa = PBXGroup;
			children = (
				B50463762799BBEE00885DAD /* NickenameView.swift */,
				B50463A4279DC6C900885DAD /* NicknameViewModel.swift */,
				B50463782799BC7E00885DAD /* NicknameViewController.swift */,
			);
			path = Nickname;
			sourceTree = "<group>";
		};
		B504637C2799C99700885DAD /* Extension */ = {
			isa = PBXGroup;
			children = (
				B504637A2799C99300885DAD /* UIViewController.swift */,
				B504638F279C05B700885DAD /* String.swift */,
				B50463AC279E7A7D00885DAD /* Date.swift */,
				B5010C7F27A064C600AD689A /* Dictionary.swift */,
				B54FDAD727B17A03005F4249 /* UIView.swift */,
			);
			path = Extension;
			sourceTree = "<group>";
		};
		B504637D2799CB1900885DAD /* Birth */ = {
			isa = PBXGroup;
			children = (
				B504637E2799CB2D00885DAD /* BirthView.swift */,
				B50463AA279E724300885DAD /* BirthViewModel.swift */,
				B50463802799D68800885DAD /* BirthViewController.swift */,
			);
			path = Birth;
			sourceTree = "<group>";
		};
		B5046382279B151F00885DAD /* Email */ = {
			isa = PBXGroup;
			children = (
				B5046383279B152C00885DAD /* EmailView.swift */,
				B50463AE279E901D00885DAD /* EmailViewModel.swift */,
				B5046385279B153900885DAD /* EmailViewController.swift */,
			);
			path = Email;
			sourceTree = "<group>";
		};
		B5046387279B2FFE00885DAD /* Gender */ = {
			isa = PBXGroup;
			children = (
				B5046389279BDB7D00885DAD /* GenderView.swift */,
				B50463B0279EEACE00885DAD /* GenderViewModel.swift */,
				B504638B279BDB8600885DAD /* GenderViewController.swift */,
			);
			path = Gender;
			sourceTree = "<group>";
		};
		B5046393279C810000885DAD /* Service */ = {
			isa = PBXGroup;
			children = (
				B5010C7D27A05FEF00AD689A /* MoyaSupports.swift */,
				B5F0186927B29DD90020346C /* Queue */,
				B5010C7C27A05E1500AD689A /* Auth */,
				B5010C7927A05DF500AD689A /* Common */,
				B504639E279D873900885DAD /* Firebase.swift */,
			);
			path = Service;
			sourceTree = "<group>";
		};
		B53B9A5927A937EC00384FF5 /* Modules */ = {
			isa = PBXGroup;
			children = (
				B5F8543627AC09E30013FD3E /* Onboarding */,
				B54FDAD927B17BA2005F4249 /* Main */,
				B567A88627994BA4005433F8 /* Auth */,
				B53B9A5A27A9382A00384FF5 /* MyInfo */,
			);
			path = Modules;
			sourceTree = "<group>";
		};
		B53B9A5A27A9382A00384FF5 /* MyInfo */ = {
			isa = PBXGroup;
			children = (
				B53B9A6D27A9928E00384FF5 /* SettingMyInfo */,
				B53B9A6C27A9927800384FF5 /* MyInfo */,
			);
			path = MyInfo;
			sourceTree = "<group>";
		};
		B53B9A6127A94D6500384FF5 /* Utility */ = {
			isa = PBXGroup;
			children = (
				B50463A2279DC52200885DAD /* Utils.swift */,
				B53B9A6227A94D9600384FF5 /* Reusable.swift */,
				B504639C279D853500885DAD /* UserDefault+Wrapper.swift */,
				B54FDAE027B18892005F4249 /* Rx */,
				B504637C2799C99700885DAD /* Extension */,
			);
			path = Utility;
			sourceTree = "<group>";
		};
		B53B9A6C27A9927800384FF5 /* MyInfo */ = {
			isa = PBXGroup;
			children = (
				B53B9A6627A9564D00384FF5 /* MyInfoCell.swift */,
				B53B9A6A27A96A5900384FF5 /* MyInfoSection.swift */,
				B53B9A6827A968E300384FF5 /* MyInfoViewModel.swift */,
				B53B9A5B27A9384200384FF5 /* MyInfoView.swift */,
				B53B9A6427A9502600384FF5 /* MyInfoViewController.swift */,
			);
			path = MyInfo;
			sourceTree = "<group>";
		};
		B53B9A6D27A9928E00384FF5 /* SettingMyInfo */ = {
			isa = PBXGroup;
			children = (
				B5F8542E27AB98DB0013FD3E /* SettingMyInfoViewModel.swift */,
				B53B9A7027A996E600384FF5 /* SettingMyInfoView.swift */,
				B53B9A6E27A992AB00384FF5 /* SettingMyInfoViewController.swift */,
				B57878F727AACF0D00BE2BF6 /* SettingGenderComponent.swift */,
				B5F8543027AB9C780013FD3E /* SettingHobbyComponent.swift */,
				B5F8543227ABA2120013FD3E /* SettingSearchableComponent.swift */,
				B5F8543427ABA46A0013FD3E /* SetttingAgeGroupComponent.swift */,
			);
			path = SettingMyInfo;
			sourceTree = "<group>";
		};
		B53B9A7627A9B1D600384FF5 /* UserCard */ = {
			isa = PBXGroup;
			children = (
				B53B9A7827A9B1EA00384FF5 /* UserCardView.swift */,
				B53B9A7427A99D8500384FF5 /* UserCardImageView.swift */,
				B57878F127AABCDC00BE2BF6 /* UserCardNickComponent.swift */,
				B53B9A7A27A9B34500384FF5 /* ReputationComponent.swift */,
				B57878F327AABF5300BE2BF6 /* UserCardCommentComponent.swift */,
			);
			path = UserCard;
			sourceTree = "<group>";
		};
		B54FDAD927B17BA2005F4249 /* Main */ = {
			isa = PBXGroup;
			children = (
				B5C0FA862795F89400BE997E /* MainViewController.swift */,
				B502375527B4F7500090C66D /* Home */,
				B502375627B4F7780090C66D /* Hobby */,
				B58872FD27B57F40000863AA /* SearchSesac */,
				B588730027B57F8C000863AA /* Chatting */,
			);
			path = Main;
			sourceTree = "<group>";
		};
		B54FDAE027B18892005F4249 /* Rx */ = {
			isa = PBXGroup;
			children = (
				B5046396279D829E00885DAD /* UIViewController+Rx.swift */,
				B51756E527B2DB9C00E0B539 /* NMFMapView+Rx.swift */,
				B5046398279D82D800885DAD /* UITextField+Rx.swift */,
				B504639A279D82DE00885DAD /* UIButton+Rx.swift */,
				B5344E3F27A280C000A73EB2 /* RxExtension.swift */,
				B53B9A5527A6F53600384FF5 /* RxServiceExtension.swift */,
			);
			path = Rx;
			sourceTree = "<group>";
		};
		B567A8672798134D005433F8 /* Application */ = {
			isa = PBXGroup;
			children = (
				B5C0FA452795DB5A00BE997E /* AppDelegate.swift */,
				B5C0FA472795DB5A00BE997E /* SceneDelegate.swift */,
			);
			path = Application;
			sourceTree = "<group>";
		};
		B567A87D279861A2005433F8 /* Generated */ = {
			isa = PBXGroup;
			children = (
				B567A87727985E22005433F8 /* Assets+Generated.swift */,
				B567A87827985E22005433F8 /* Fonts+Generated.swift */,
				B567A87B27985F28005433F8 /* Fonts+Sementic.swift */,
			);
			path = Generated;
			sourceTree = "<group>";
		};
		B567A88627994BA4005433F8 /* Auth */ = {
			isa = PBXGroup;
			children = (
				B567A88027987A36005433F8 /* AuthView.swift */,
				B50463692799ACD900885DAD /* PhoneNumber */,
				B504636A2799AD0100885DAD /* AuthorizationCode */,
				B50463752799BB5300885DAD /* Nickname */,
				B504637D2799CB1900885DAD /* Birth */,
				B5046382279B151F00885DAD /* Email */,
				B5046387279B2FFE00885DAD /* Gender */,
			);
			path = Auth;
			sourceTree = "<group>";
		};
		B58872FD27B57F40000863AA /* SearchSesac */ = {
			isa = PBXGroup;
			children = (
				B58872FE27B57F6A000863AA /* SearchSesacViewController.swift */,
			);
			path = SearchSesac;
			sourceTree = "<group>";
		};
		B588730027B57F8C000863AA /* Chatting */ = {
			isa = PBXGroup;
			children = (
				B588730127B57F9C000863AA /* ChattingViewController.swift */,
			);
			path = Chatting;
			sourceTree = "<group>";
		};
		B5C0FA392795DB5A00BE997E = {
			isa = PBXGroup;
			children = (
				B5C0FA88279698AD00BE997E /* GoogleService-Info.plist */,
				B567A86A27984E7B005433F8 /* swiftgen.yml */,
				B5C0FA7F2795EBD400BE997E /* .swiftlint.yml */,
				B5C0FA442795DB5A00BE997E /* SeSACFriends */,
				B5C0FA5B2795DB5B00BE997E /* SeSACFriendsTests */,
				B5C0FA652795DB5B00BE997E /* SeSACFriendsUITests */,
				B5C0FA432795DB5A00BE997E /* Products */,
				C604B3C71B5079656FA4082D /* Pods */,
				A5126230FCC72EAA618318BF /* Frameworks */,
			);
			sourceTree = "<group>";
		};
		B5C0FA432795DB5A00BE997E /* Products */ = {
			isa = PBXGroup;
			children = (
				B5C0FA422795DB5A00BE997E /* SeSACFriends.app */,
				B5C0FA582795DB5B00BE997E /* SeSACFriendsTests.xctest */,
				B5C0FA622795DB5B00BE997E /* SeSACFriendsUITests.xctest */,
			);
			name = Products;
			sourceTree = "<group>";
		};
		B5C0FA442795DB5A00BE997E /* SeSACFriends */ = {
			isa = PBXGroup;
			children = (
				B53B9A6127A94D6500384FF5 /* Utility */,
				B5C0FA752795DB6F00BE997E /* Resources */,
				B5C0FA762795DB7D00BE997E /* Sources */,
				B5C0FA782795DB8B00BE997E /* Support */,
			);
			path = SeSACFriends;
			sourceTree = "<group>";
		};
		B5C0FA5B2795DB5B00BE997E /* SeSACFriendsTests */ = {
			isa = PBXGroup;
			children = (
				B5C0FA5C2795DB5B00BE997E /* SeSACFriendsTests.swift */,
			);
			path = SeSACFriendsTests;
			sourceTree = "<group>";
		};
		B5C0FA652795DB5B00BE997E /* SeSACFriendsUITests */ = {
			isa = PBXGroup;
			children = (
				B5C0FA662795DB5B00BE997E /* SeSACFriendsUITests.swift */,
				B5C0FA682795DB5B00BE997E /* SeSACFriendsUITestsLaunchTests.swift */,
			);
			path = SeSACFriendsUITests;
			sourceTree = "<group>";
		};
		B5C0FA752795DB6F00BE997E /* Resources */ = {
			isa = PBXGroup;
			children = (
				B567A87D279861A2005433F8 /* Generated */,
				B567A86F279851A9005433F8 /* Assets.xcassets */,
				B567A86D2798517B005433F8 /* Colors.xcassets */,
				B5C0FA972796A89800BE997E /* Fonts */,
			);
			path = Resources;
			sourceTree = "<group>";
		};
		B5C0FA762795DB7D00BE997E /* Sources */ = {
			isa = PBXGroup;
			children = (
				B5C1440427AC2B0E007C9BD5 /* Model */,
				B53B9A5927A937EC00384FF5 /* Modules */,
				B5046393279C810000885DAD /* Service */,
				B567A8672798134D005433F8 /* Application */,
				B5C0FA9E2796D1C500BE997E /* Components */,
				B55896FF27AEAA0B00777B11 /* SesacShopViewController.swift */,
				B53B9A7227A9991B00384FF5 /* Settings.swift */,
			);
			path = Sources;
			sourceTree = "<group>";
		};
		B5C0FA782795DB8B00BE997E /* Support */ = {
			isa = PBXGroup;
			children = (
				B54FDAE327B1A668005F4249 /* APIKeys.plist */,
				B5C0FA532795DB5B00BE997E /* Info.plist */,
				B5C0FA502795DB5B00BE997E /* LaunchScreen.storyboard */,
			);
			path = Support;
			sourceTree = "<group>";
		};
		B5C0FA972796A89800BE997E /* Fonts */ = {
			isa = PBXGroup;
			children = (
				B5C0FA982796A8A500BE997E /* NotoSansKR-Medium.otf */,
				B5C0FA992796A8A500BE997E /* NotoSansKR-Regular.otf */,
			);
			path = Fonts;
			sourceTree = "<group>";
		};
		B5C0FA9E2796D1C500BE997E /* Components */ = {
			isa = PBXGroup;
			children = (
				B53B9A7627A9B1D600384FF5 /* UserCard */,
				B5046394279C8DB500885DAD /* MVVM+Base.swift */,
				B567A8652797EB6A005433F8 /* IconButton.swift */,
				B5C0FA9F2796D2A700BE997E /* StateButton.swift */,
				B567A88427990536005433F8 /* StateTextField.swift */,
				B50463632799576400885DAD /* StyleStateChangeable.swift */,
				B504636727999CFE00885DAD /* ParagraphLabel.swift */,
				B558970127AEEEFD00777B11 /* SesacAlert.swift */,
			);
			path = Components;
			sourceTree = "<group>";
		};
		B5C1440427AC2B0E007C9BD5 /* Model */ = {
			isa = PBXGroup;
			children = (
				B5C1440527AC2B1A007C9BD5 /* User.swift */,
				B54FDAE127B1A645005F4249 /* APIKeys.swift */,
				B51756E127B2B70900E0B539 /* Onqueue.swift */,
				B50463A8279DC88600885DAD /* SesacUserDefaults.swift */,
			);
			path = Model;
			sourceTree = "<group>";
		};
		B5F0186927B29DD90020346C /* Queue */ = {
			isa = PBXGroup;
			children = (
				B5F0186A27B29DF50020346C /* QueueTarget.swift */,
				B5F0186C27B2A0520020346C /* QueueAPI.swift */,
			);
			path = Queue;
			sourceTree = "<group>";
		};
		B5F8543627AC09E30013FD3E /* Onboarding */ = {
			isa = PBXGroup;
			children = (
				B5F8543727AC0A0A0013FD3E /* OnboardingViewController.swift */,
			);
			path = Onboarding;
			sourceTree = "<group>";
		};
		C604B3C71B5079656FA4082D /* Pods */ = {
			isa = PBXGroup;
			children = (
				1BE211EABFA1722848F0ED8D /* Pods-SeSACFriends.debug.xcconfig */,
				D4C095AF49744C6D5D6656BB /* Pods-SeSACFriends.release.xcconfig */,
				594CD0127833C5AC3F4374BC /* Pods-SeSACFriends-SeSACFriendsUITests.debug.xcconfig */,
				0A4F05330CDE67205DABF32C /* Pods-SeSACFriends-SeSACFriendsUITests.release.xcconfig */,
				B53B43AE880673F048EA4D42 /* Pods-SeSACFriendsTests.debug.xcconfig */,
				861708C38600BEADE435267D /* Pods-SeSACFriendsTests.release.xcconfig */,
			);
			path = Pods;
			sourceTree = "<group>";
		};
/* End PBXGroup section */

/* Begin PBXNativeTarget section */
		B5C0FA412795DB5A00BE997E /* SeSACFriends */ = {
			isa = PBXNativeTarget;
			buildConfigurationList = B5C0FA6C2795DB5B00BE997E /* Build configuration list for PBXNativeTarget "SeSACFriends" */;
			buildPhases = (
				1129A57BD2FF337533A89BD4 /* [CP] Check Pods Manifest.lock */,
				B567A87E279864BE005433F8 /* SwiftGen */,
				B5C0FA3E2795DB5A00BE997E /* Sources */,
				B5C0FA3F2795DB5A00BE997E /* Frameworks */,
				B5C0FA402795DB5A00BE997E /* Resources */,
				F02D34686792A2F01E64D926 /* [CP] Embed Pods Frameworks */,
				B5C0FA812795EBEA00BE997E /* SwiftLint */,
			);
			buildRules = (
			);
			dependencies = (
			);
			name = SeSACFriends;
			productName = SeSACFriends;
			productReference = B5C0FA422795DB5A00BE997E /* SeSACFriends.app */;
			productType = "com.apple.product-type.application";
		};
		B5C0FA572795DB5B00BE997E /* SeSACFriendsTests */ = {
			isa = PBXNativeTarget;
			buildConfigurationList = B5C0FA6F2795DB5B00BE997E /* Build configuration list for PBXNativeTarget "SeSACFriendsTests" */;
			buildPhases = (
				0332654263B129C632AD130F /* [CP] Check Pods Manifest.lock */,
				B5C0FA542795DB5B00BE997E /* Sources */,
				B5C0FA552795DB5B00BE997E /* Frameworks */,
				B5C0FA562795DB5B00BE997E /* Resources */,
				21388447568F1F4C82DB371D /* [CP] Embed Pods Frameworks */,
			);
			buildRules = (
			);
			dependencies = (
				B5C0FA5A2795DB5B00BE997E /* PBXTargetDependency */,
			);
			name = SeSACFriendsTests;
			productName = SeSACFriendsTests;
			productReference = B5C0FA582795DB5B00BE997E /* SeSACFriendsTests.xctest */;
			productType = "com.apple.product-type.bundle.unit-test";
		};
		B5C0FA612795DB5B00BE997E /* SeSACFriendsUITests */ = {
			isa = PBXNativeTarget;
			buildConfigurationList = B5C0FA722795DB5B00BE997E /* Build configuration list for PBXNativeTarget "SeSACFriendsUITests" */;
			buildPhases = (
				1C3447E8706AEFDDB907D502 /* [CP] Check Pods Manifest.lock */,
				B5C0FA5E2795DB5B00BE997E /* Sources */,
				B5C0FA5F2795DB5B00BE997E /* Frameworks */,
				B5C0FA602795DB5B00BE997E /* Resources */,
				5B0498E91A3E19F1FE7C5549 /* [CP] Embed Pods Frameworks */,
			);
			buildRules = (
			);
			dependencies = (
				B5C0FA642795DB5B00BE997E /* PBXTargetDependency */,
			);
			name = SeSACFriendsUITests;
			productName = SeSACFriendsUITests;
			productReference = B5C0FA622795DB5B00BE997E /* SeSACFriendsUITests.xctest */;
			productType = "com.apple.product-type.bundle.ui-testing";
		};
/* End PBXNativeTarget section */

/* Begin PBXProject section */
		B5C0FA3A2795DB5A00BE997E /* Project object */ = {
			isa = PBXProject;
			attributes = {
				BuildIndependentTargetsInParallel = 1;
				LastSwiftUpdateCheck = 1320;
				LastUpgradeCheck = 1320;
				TargetAttributes = {
					B5C0FA412795DB5A00BE997E = {
						CreatedOnToolsVersion = 13.2.1;
					};
					B5C0FA572795DB5B00BE997E = {
						CreatedOnToolsVersion = 13.2.1;
						TestTargetID = B5C0FA412795DB5A00BE997E;
					};
					B5C0FA612795DB5B00BE997E = {
						CreatedOnToolsVersion = 13.2.1;
						TestTargetID = B5C0FA412795DB5A00BE997E;
					};
				};
			};
			buildConfigurationList = B5C0FA3D2795DB5A00BE997E /* Build configuration list for PBXProject "SeSACFriends" */;
			compatibilityVersion = "Xcode 13.0";
			developmentRegion = en;
			hasScannedForEncodings = 0;
			knownRegions = (
				en,
				Base,
			);
			mainGroup = B5C0FA392795DB5A00BE997E;
			productRefGroup = B5C0FA432795DB5A00BE997E /* Products */;
			projectDirPath = "";
			projectRoot = "";
			targets = (
				B5C0FA412795DB5A00BE997E /* SeSACFriends */,
				B5C0FA572795DB5B00BE997E /* SeSACFriendsTests */,
				B5C0FA612795DB5B00BE997E /* SeSACFriendsUITests */,
			);
		};
/* End PBXProject section */

/* Begin PBXResourcesBuildPhase section */
		B5C0FA402795DB5A00BE997E /* Resources */ = {
			isa = PBXResourcesBuildPhase;
			buildActionMask = 2147483647;
			files = (
				B567A870279851A9005433F8 /* Assets.xcassets in Resources */,
				B5C0FA802795EBD400BE997E /* .swiftlint.yml in Resources */,
				B567A86B27984E7B005433F8 /* swiftgen.yml in Resources */,
				B5C0FA89279698AE00BE997E /* GoogleService-Info.plist in Resources */,
				B5C0FA9A2796A8A500BE997E /* NotoSansKR-Medium.otf in Resources */,
				B5C0FA522795DB5B00BE997E /* LaunchScreen.storyboard in Resources */,
				B54FDAE427B1A668005F4249 /* APIKeys.plist in Resources */,
				B567A86E2798517B005433F8 /* Colors.xcassets in Resources */,
				B5C0FA9B2796A8A500BE997E /* NotoSansKR-Regular.otf in Resources */,
			);
			runOnlyForDeploymentPostprocessing = 0;
		};
		B5C0FA562795DB5B00BE997E /* Resources */ = {
			isa = PBXResourcesBuildPhase;
			buildActionMask = 2147483647;
			files = (
			);
			runOnlyForDeploymentPostprocessing = 0;
		};
		B5C0FA602795DB5B00BE997E /* Resources */ = {
			isa = PBXResourcesBuildPhase;
			buildActionMask = 2147483647;
			files = (
			);
			runOnlyForDeploymentPostprocessing = 0;
		};
/* End PBXResourcesBuildPhase section */

/* Begin PBXShellScriptBuildPhase section */
		0332654263B129C632AD130F /* [CP] Check Pods Manifest.lock */ = {
			isa = PBXShellScriptBuildPhase;
			buildActionMask = 2147483647;
			files = (
			);
			inputFileListPaths = (
			);
			inputPaths = (
				"${PODS_PODFILE_DIR_PATH}/Podfile.lock",
				"${PODS_ROOT}/Manifest.lock",
			);
			name = "[CP] Check Pods Manifest.lock";
			outputFileListPaths = (
			);
			outputPaths = (
				"$(DERIVED_FILE_DIR)/Pods-SeSACFriendsTests-checkManifestLockResult.txt",
			);
			runOnlyForDeploymentPostprocessing = 0;
			shellPath = /bin/sh;
			shellScript = "diff \"${PODS_PODFILE_DIR_PATH}/Podfile.lock\" \"${PODS_ROOT}/Manifest.lock\" > /dev/null\nif [ $? != 0 ] ; then\n    # print error to STDERR\n    echo \"error: The sandbox is not in sync with the Podfile.lock. Run 'pod install' or update your CocoaPods installation.\" >&2\n    exit 1\nfi\n# This output is used by Xcode 'outputs' to avoid re-running this script phase.\necho \"SUCCESS\" > \"${SCRIPT_OUTPUT_FILE_0}\"\n";
			showEnvVarsInLog = 0;
		};
		1129A57BD2FF337533A89BD4 /* [CP] Check Pods Manifest.lock */ = {
			isa = PBXShellScriptBuildPhase;
			buildActionMask = 2147483647;
			files = (
			);
			inputFileListPaths = (
			);
			inputPaths = (
				"${PODS_PODFILE_DIR_PATH}/Podfile.lock",
				"${PODS_ROOT}/Manifest.lock",
			);
			name = "[CP] Check Pods Manifest.lock";
			outputFileListPaths = (
			);
			outputPaths = (
				"$(DERIVED_FILE_DIR)/Pods-SeSACFriends-checkManifestLockResult.txt",
			);
			runOnlyForDeploymentPostprocessing = 0;
			shellPath = /bin/sh;
			shellScript = "diff \"${PODS_PODFILE_DIR_PATH}/Podfile.lock\" \"${PODS_ROOT}/Manifest.lock\" > /dev/null\nif [ $? != 0 ] ; then\n    # print error to STDERR\n    echo \"error: The sandbox is not in sync with the Podfile.lock. Run 'pod install' or update your CocoaPods installation.\" >&2\n    exit 1\nfi\n# This output is used by Xcode 'outputs' to avoid re-running this script phase.\necho \"SUCCESS\" > \"${SCRIPT_OUTPUT_FILE_0}\"\n";
			showEnvVarsInLog = 0;
		};
		1C3447E8706AEFDDB907D502 /* [CP] Check Pods Manifest.lock */ = {
			isa = PBXShellScriptBuildPhase;
			buildActionMask = 2147483647;
			files = (
			);
			inputFileListPaths = (
			);
			inputPaths = (
				"${PODS_PODFILE_DIR_PATH}/Podfile.lock",
				"${PODS_ROOT}/Manifest.lock",
			);
			name = "[CP] Check Pods Manifest.lock";
			outputFileListPaths = (
			);
			outputPaths = (
				"$(DERIVED_FILE_DIR)/Pods-SeSACFriends-SeSACFriendsUITests-checkManifestLockResult.txt",
			);
			runOnlyForDeploymentPostprocessing = 0;
			shellPath = /bin/sh;
			shellScript = "diff \"${PODS_PODFILE_DIR_PATH}/Podfile.lock\" \"${PODS_ROOT}/Manifest.lock\" > /dev/null\nif [ $? != 0 ] ; then\n    # print error to STDERR\n    echo \"error: The sandbox is not in sync with the Podfile.lock. Run 'pod install' or update your CocoaPods installation.\" >&2\n    exit 1\nfi\n# This output is used by Xcode 'outputs' to avoid re-running this script phase.\necho \"SUCCESS\" > \"${SCRIPT_OUTPUT_FILE_0}\"\n";
			showEnvVarsInLog = 0;
		};
		21388447568F1F4C82DB371D /* [CP] Embed Pods Frameworks */ = {
			isa = PBXShellScriptBuildPhase;
			buildActionMask = 2147483647;
			files = (
			);
			inputFileListPaths = (
				"${PODS_ROOT}/Target Support Files/Pods-SeSACFriendsTests/Pods-SeSACFriendsTests-frameworks-${CONFIGURATION}-input-files.xcfilelist",
			);
			name = "[CP] Embed Pods Frameworks";
			outputFileListPaths = (
				"${PODS_ROOT}/Target Support Files/Pods-SeSACFriendsTests/Pods-SeSACFriendsTests-frameworks-${CONFIGURATION}-output-files.xcfilelist",
			);
			runOnlyForDeploymentPostprocessing = 0;
			shellPath = /bin/sh;
			shellScript = "\"${PODS_ROOT}/Target Support Files/Pods-SeSACFriendsTests/Pods-SeSACFriendsTests-frameworks.sh\"\n";
			showEnvVarsInLog = 0;
		};
		5B0498E91A3E19F1FE7C5549 /* [CP] Embed Pods Frameworks */ = {
			isa = PBXShellScriptBuildPhase;
			buildActionMask = 2147483647;
			files = (
			);
			inputFileListPaths = (
				"${PODS_ROOT}/Target Support Files/Pods-SeSACFriends-SeSACFriendsUITests/Pods-SeSACFriends-SeSACFriendsUITests-frameworks-${CONFIGURATION}-input-files.xcfilelist",
			);
			name = "[CP] Embed Pods Frameworks";
			outputFileListPaths = (
				"${PODS_ROOT}/Target Support Files/Pods-SeSACFriends-SeSACFriendsUITests/Pods-SeSACFriends-SeSACFriendsUITests-frameworks-${CONFIGURATION}-output-files.xcfilelist",
			);
			runOnlyForDeploymentPostprocessing = 0;
			shellPath = /bin/sh;
			shellScript = "\"${PODS_ROOT}/Target Support Files/Pods-SeSACFriends-SeSACFriendsUITests/Pods-SeSACFriends-SeSACFriendsUITests-frameworks.sh\"\n";
			showEnvVarsInLog = 0;
		};
		B567A87E279864BE005433F8 /* SwiftGen */ = {
			isa = PBXShellScriptBuildPhase;
			buildActionMask = 2147483647;
			files = (
			);
			inputFileListPaths = (
			);
			inputPaths = (
			);
			name = SwiftGen;
			outputFileListPaths = (
			);
			outputPaths = (
			);
			runOnlyForDeploymentPostprocessing = 0;
			shellPath = /bin/sh;
			shellScript = "export PATH=\"$PATH:/opt/homebrew/bin\"\nif which swiftgen >/dev/null; then\n  swiftgen config run\nelse\n  echo \"warning: SwiftGen not installed\"\nfi\n";
		};
		B5C0FA812795EBEA00BE997E /* SwiftLint */ = {
			isa = PBXShellScriptBuildPhase;
			buildActionMask = 2147483647;
			files = (
			);
			inputFileListPaths = (
			);
			inputPaths = (
			);
			name = SwiftLint;
			outputFileListPaths = (
			);
			outputPaths = (
			);
			runOnlyForDeploymentPostprocessing = 0;
			shellPath = /bin/sh;
			shellScript = "export PATH=\"$PATH:/opt/homebrew/bin\"\nif which swiftlint >/dev/null; then\n  swiftlint\nelse\n  echo \"warning: SwiftLint not installed, download from https://github.com/realm/SwiftLint\"\nfi\n";
		};
		F02D34686792A2F01E64D926 /* [CP] Embed Pods Frameworks */ = {
			isa = PBXShellScriptBuildPhase;
			buildActionMask = 2147483647;
			files = (
			);
			inputFileListPaths = (
				"${PODS_ROOT}/Target Support Files/Pods-SeSACFriends/Pods-SeSACFriends-frameworks-${CONFIGURATION}-input-files.xcfilelist",
			);
			name = "[CP] Embed Pods Frameworks";
			outputFileListPaths = (
				"${PODS_ROOT}/Target Support Files/Pods-SeSACFriends/Pods-SeSACFriends-frameworks-${CONFIGURATION}-output-files.xcfilelist",
			);
			runOnlyForDeploymentPostprocessing = 0;
			shellPath = /bin/sh;
			shellScript = "\"${PODS_ROOT}/Target Support Files/Pods-SeSACFriends/Pods-SeSACFriends-frameworks.sh\"\n";
			showEnvVarsInLog = 0;
		};
/* End PBXShellScriptBuildPhase section */

/* Begin PBXSourcesBuildPhase section */
		B5C0FA3E2795DB5A00BE997E /* Sources */ = {
			isa = PBXSourcesBuildPhase;
			buildActionMask = 2147483647;
			files = (
				B58872FB27B57E9F000863AA /* HobbyViewController.swift in Sources */,
				B53B9A7327A9991B00384FF5 /* Settings.swift in Sources */,
				B57878F227AABCDC00BE2BF6 /* UserCardNickComponent.swift in Sources */,
				B504639F279D873900885DAD /* Firebase.swift in Sources */,
				B588730227B57F9C000863AA /* ChattingViewController.swift in Sources */,
				B5C0FA4A2795DB5A00BE997E /* PhoneNumberViewController.swift in Sources */,
				B5F8543827AC0A0A0013FD3E /* OnboardingViewController.swift in Sources */,
				B50463642799576400885DAD /* StyleStateChangeable.swift in Sources */,
				B50463A9279DC88600885DAD /* SesacUserDefaults.swift in Sources */,
				B504636627999A1F00885DAD /* PhoneNumberView.swift in Sources */,
				B558970027AEAA0B00777B11 /* SesacShopViewController.swift in Sources */,
				B504638C279BDB8600885DAD /* GenderViewController.swift in Sources */,
				B567A88127987A36005433F8 /* AuthView.swift in Sources */,
				B54FDAE627B1B54D005F4249 /* SesacMapView.swift in Sources */,
				B53B9A7527A99D8500384FF5 /* UserCardImageView.swift in Sources */,
				B51756E627B2DB9C00E0B539 /* NMFMapView+Rx.swift in Sources */,
				B53B9A7927A9B1EA00384FF5 /* UserCardView.swift in Sources */,
				B504637F2799CB2D00885DAD /* BirthView.swift in Sources */,
				B50463A5279DC6C900885DAD /* NicknameViewModel.swift in Sources */,
				B54FDADF27B17C3D005F4249 /* HomeView.swift in Sources */,
				B504636827999CFE00885DAD /* ParagraphLabel.swift in Sources */,
				B5046390279C05B700885DAD /* String.swift in Sources */,
				B50463AD279E7A7D00885DAD /* Date.swift in Sources */,
				B51756E827B2F41100E0B539 /* MarkerManager.swift in Sources */,
				B5010C7827A054C400AD689A /* CommonAPI.swift in Sources */,
				B567A87927985E22005433F8 /* Assets+Generated.swift in Sources */,
				B50463A3279DC52200885DAD /* Utils.swift in Sources */,
				B5C0FA462795DB5A00BE997E /* AppDelegate.swift in Sources */,
				B50463A7279DC72B00885DAD /* AuthAPI.swift in Sources */,
				B53B9A7127A996E600384FF5 /* SettingMyInfoView.swift in Sources */,
				B53B9A5C27A9384200384FF5 /* MyInfoView.swift in Sources */,
				B5046399279D82D800885DAD /* UITextField+Rx.swift in Sources */,
				B5100B7C279F0E27009BBF8D /* AuthTarget.swift in Sources */,
				B53B9A6B27A96A5900384FF5 /* MyInfoSection.swift in Sources */,
				B51756E227B2B70900E0B539 /* Onqueue.swift in Sources */,
				B504638E279BF42900885DAD /* PhoneNumberViewModel.swift in Sources */,
				B5F8542F27AB98DC0013FD3E /* SettingMyInfoViewModel.swift in Sources */,
				B502375827B4F7B30090C66D /* HobbyView.swift in Sources */,
				B5046384279B152C00885DAD /* EmailView.swift in Sources */,
				B53B9A6727A9564D00384FF5 /* MyInfoCell.swift in Sources */,
				B5C0FAA02796D2A700BE997E /* StateButton.swift in Sources */,
				B5F0186D27B2A0520020346C /* QueueAPI.swift in Sources */,
				B53B9A6527A9502600384FF5 /* MyInfoViewController.swift in Sources */,
				B50463AB279E724300885DAD /* BirthViewModel.swift in Sources */,
				B57878F827AACF0D00BE2BF6 /* SettingGenderComponent.swift in Sources */,
				B50463812799D68800885DAD /* BirthViewController.swift in Sources */,
				B5F8543127AB9C780013FD3E /* SettingHobbyComponent.swift in Sources */,
				B504639D279D853500885DAD /* UserDefault+Wrapper.swift in Sources */,
				B5344E4027A280C000A73EB2 /* RxExtension.swift in Sources */,
				B55896FE27AEA40A00777B11 /* HomeViewController.swift in Sources */,
				B57878F427AABF5300BE2BF6 /* UserCardCommentComponent.swift in Sources */,
				B5C0FA482795DB5A00BE997E /* SceneDelegate.swift in Sources */,
				B5F8543327ABA2120013FD3E /* SettingSearchableComponent.swift in Sources */,
				B5F8543527ABA46A0013FD3E /* SetttingAgeGroupComponent.swift in Sources */,
				B50463742799BA8B00885DAD /* AuthCodeView.swift in Sources */,
				B50463772799BBEE00885DAD /* NickenameView.swift in Sources */,
				B5046392279C5B2600885DAD /* AuthCodeViewModel.swift in Sources */,
				B5046397279D829E00885DAD /* UIViewController+Rx.swift in Sources */,
				B53B9A7B27A9B34500384FF5 /* ReputationComponent.swift in Sources */,
				B5C1440627AC2B1A007C9BD5 /* User.swift in Sources */,
				B567A87C27985F28005433F8 /* Fonts+Sementic.swift in Sources */,
				B567A87A27985E22005433F8 /* Fonts+Generated.swift in Sources */,
				B54FDAE227B1A645005F4249 /* APIKeys.swift in Sources */,
				B5F0186B27B29DF50020346C /* QueueTarget.swift in Sources */,
				B53B9A6927A968E300384FF5 /* MyInfoViewModel.swift in Sources */,
				B5010C7B27A05E0100AD689A /* CommonTarget.swift in Sources */,
				B53B9A5627A6F53600384FF5 /* RxServiceExtension.swift in Sources */,
				B5046395279C8DB500885DAD /* MVVM+Base.swift in Sources */,
				B53B9A6F27A992AB00384FF5 /* SettingMyInfoViewController.swift in Sources */,
				B5010C8027A064C600AD689A /* Dictionary.swift in Sources */,
				B567A88527990536005433F8 /* StateTextField.swift in Sources */,
				B54FDADD27B17C1C005F4249 /* MatchingStatusButton.swift in Sources */,
				B50463792799BC7E00885DAD /* NicknameViewController.swift in Sources */,
				B558970227AEEEFD00777B11 /* SesacAlert.swift in Sources */,
				B5046386279B153900885DAD /* EmailViewController.swift in Sources */,
				B504639B279D82DE00885DAD /* UIButton+Rx.swift in Sources */,
				B567A8662797EB6A005433F8 /* IconButton.swift in Sources */,
				B50463AF279E901D00885DAD /* EmailViewModel.swift in Sources */,
				B504638A279BDB7D00885DAD /* GenderView.swift in Sources */,
				B58872FF27B57F6A000863AA /* SearchSesacViewController.swift in Sources */,
				B50463B1279EEACE00885DAD /* GenderViewModel.swift in Sources */,
				B5010C7E27A05FEF00AD689A /* MoyaSupports.swift in Sources */,
				B54FDAD827B17A03005F4249 /* UIView.swift in Sources */,
				B504637B2799C99300885DAD /* UIViewController.swift in Sources */,
				B53B9A6327A94D9600384FF5 /* Reusable.swift in Sources */,
				B5C0FA872795F89400BE997E /* MainViewController.swift in Sources */,
				B50463732799BA8B00885DAD /* AuthCodeViewController.swift in Sources */,
				B51756E427B2B84800E0B539 /* HomeViewModel.swift in Sources */,
				B54FDADB27B17BCB005F4249 /* GenderFilterView.swift in Sources */,
			);
			runOnlyForDeploymentPostprocessing = 0;
		};
		B5C0FA542795DB5B00BE997E /* Sources */ = {
			isa = PBXSourcesBuildPhase;
			buildActionMask = 2147483647;
			files = (
				B5C0FA5D2795DB5B00BE997E /* SeSACFriendsTests.swift in Sources */,
			);
			runOnlyForDeploymentPostprocessing = 0;
		};
		B5C0FA5E2795DB5B00BE997E /* Sources */ = {
			isa = PBXSourcesBuildPhase;
			buildActionMask = 2147483647;
			files = (
				B5C0FA692795DB5B00BE997E /* SeSACFriendsUITestsLaunchTests.swift in Sources */,
				B5C0FA672795DB5B00BE997E /* SeSACFriendsUITests.swift in Sources */,
			);
			runOnlyForDeploymentPostprocessing = 0;
		};
/* End PBXSourcesBuildPhase section */

/* Begin PBXTargetDependency section */
		B5C0FA5A2795DB5B00BE997E /* PBXTargetDependency */ = {
			isa = PBXTargetDependency;
			target = B5C0FA412795DB5A00BE997E /* SeSACFriends */;
			targetProxy = B5C0FA592795DB5B00BE997E /* PBXContainerItemProxy */;
		};
		B5C0FA642795DB5B00BE997E /* PBXTargetDependency */ = {
			isa = PBXTargetDependency;
			target = B5C0FA412795DB5A00BE997E /* SeSACFriends */;
			targetProxy = B5C0FA632795DB5B00BE997E /* PBXContainerItemProxy */;
		};
/* End PBXTargetDependency section */

/* Begin PBXVariantGroup section */
		B5C0FA502795DB5B00BE997E /* LaunchScreen.storyboard */ = {
			isa = PBXVariantGroup;
			children = (
				B5C0FA512795DB5B00BE997E /* Base */,
			);
			name = LaunchScreen.storyboard;
			sourceTree = "<group>";
		};
/* End PBXVariantGroup section */

/* Begin XCBuildConfiguration section */
		B5C0FA6A2795DB5B00BE997E /* Debug */ = {
			isa = XCBuildConfiguration;
			buildSettings = {
				ALWAYS_SEARCH_USER_PATHS = NO;
				CLANG_ANALYZER_NONNULL = YES;
				CLANG_ANALYZER_NUMBER_OBJECT_CONVERSION = YES_AGGRESSIVE;
				CLANG_CXX_LANGUAGE_STANDARD = "gnu++17";
				CLANG_CXX_LIBRARY = "libc++";
				CLANG_ENABLE_MODULES = YES;
				CLANG_ENABLE_OBJC_ARC = YES;
				CLANG_ENABLE_OBJC_WEAK = YES;
				CLANG_WARN_BLOCK_CAPTURE_AUTORELEASING = YES;
				CLANG_WARN_BOOL_CONVERSION = YES;
				CLANG_WARN_COMMA = YES;
				CLANG_WARN_CONSTANT_CONVERSION = YES;
				CLANG_WARN_DEPRECATED_OBJC_IMPLEMENTATIONS = YES;
				CLANG_WARN_DIRECT_OBJC_ISA_USAGE = YES_ERROR;
				CLANG_WARN_DOCUMENTATION_COMMENTS = YES;
				CLANG_WARN_EMPTY_BODY = YES;
				CLANG_WARN_ENUM_CONVERSION = YES;
				CLANG_WARN_INFINITE_RECURSION = YES;
				CLANG_WARN_INT_CONVERSION = YES;
				CLANG_WARN_NON_LITERAL_NULL_CONVERSION = YES;
				CLANG_WARN_OBJC_IMPLICIT_RETAIN_SELF = YES;
				CLANG_WARN_OBJC_LITERAL_CONVERSION = YES;
				CLANG_WARN_OBJC_ROOT_CLASS = YES_ERROR;
				CLANG_WARN_QUOTED_INCLUDE_IN_FRAMEWORK_HEADER = YES;
				CLANG_WARN_RANGE_LOOP_ANALYSIS = YES;
				CLANG_WARN_STRICT_PROTOTYPES = YES;
				CLANG_WARN_SUSPICIOUS_MOVE = YES;
				CLANG_WARN_UNGUARDED_AVAILABILITY = YES_AGGRESSIVE;
				CLANG_WARN_UNREACHABLE_CODE = YES;
				CLANG_WARN__DUPLICATE_METHOD_MATCH = YES;
				COPY_PHASE_STRIP = NO;
				DEBUG_INFORMATION_FORMAT = dwarf;
				ENABLE_STRICT_OBJC_MSGSEND = YES;
				ENABLE_TESTABILITY = YES;
				GCC_C_LANGUAGE_STANDARD = gnu11;
				GCC_DYNAMIC_NO_PIC = NO;
				GCC_NO_COMMON_BLOCKS = YES;
				GCC_OPTIMIZATION_LEVEL = 0;
				GCC_PREPROCESSOR_DEFINITIONS = (
					"DEBUG=1",
					"$(inherited)",
				);
				GCC_WARN_64_TO_32_BIT_CONVERSION = YES;
				GCC_WARN_ABOUT_RETURN_TYPE = YES_ERROR;
				GCC_WARN_UNDECLARED_SELECTOR = YES;
				GCC_WARN_UNINITIALIZED_AUTOS = YES_AGGRESSIVE;
				GCC_WARN_UNUSED_FUNCTION = YES;
				GCC_WARN_UNUSED_VARIABLE = YES;
				IPHONEOS_DEPLOYMENT_TARGET = 15.0;
				MTL_ENABLE_DEBUG_INFO = INCLUDE_SOURCE;
				MTL_FAST_MATH = YES;
				ONLY_ACTIVE_ARCH = YES;
				SDKROOT = iphoneos;
				SWIFT_ACTIVE_COMPILATION_CONDITIONS = DEBUG;
				SWIFT_OPTIMIZATION_LEVEL = "-Onone";
			};
			name = Debug;
		};
		B5C0FA6B2795DB5B00BE997E /* Release */ = {
			isa = XCBuildConfiguration;
			buildSettings = {
				ALWAYS_SEARCH_USER_PATHS = NO;
				CLANG_ANALYZER_NONNULL = YES;
				CLANG_ANALYZER_NUMBER_OBJECT_CONVERSION = YES_AGGRESSIVE;
				CLANG_CXX_LANGUAGE_STANDARD = "gnu++17";
				CLANG_CXX_LIBRARY = "libc++";
				CLANG_ENABLE_MODULES = YES;
				CLANG_ENABLE_OBJC_ARC = YES;
				CLANG_ENABLE_OBJC_WEAK = YES;
				CLANG_WARN_BLOCK_CAPTURE_AUTORELEASING = YES;
				CLANG_WARN_BOOL_CONVERSION = YES;
				CLANG_WARN_COMMA = YES;
				CLANG_WARN_CONSTANT_CONVERSION = YES;
				CLANG_WARN_DEPRECATED_OBJC_IMPLEMENTATIONS = YES;
				CLANG_WARN_DIRECT_OBJC_ISA_USAGE = YES_ERROR;
				CLANG_WARN_DOCUMENTATION_COMMENTS = YES;
				CLANG_WARN_EMPTY_BODY = YES;
				CLANG_WARN_ENUM_CONVERSION = YES;
				CLANG_WARN_INFINITE_RECURSION = YES;
				CLANG_WARN_INT_CONVERSION = YES;
				CLANG_WARN_NON_LITERAL_NULL_CONVERSION = YES;
				CLANG_WARN_OBJC_IMPLICIT_RETAIN_SELF = YES;
				CLANG_WARN_OBJC_LITERAL_CONVERSION = YES;
				CLANG_WARN_OBJC_ROOT_CLASS = YES_ERROR;
				CLANG_WARN_QUOTED_INCLUDE_IN_FRAMEWORK_HEADER = YES;
				CLANG_WARN_RANGE_LOOP_ANALYSIS = YES;
				CLANG_WARN_STRICT_PROTOTYPES = YES;
				CLANG_WARN_SUSPICIOUS_MOVE = YES;
				CLANG_WARN_UNGUARDED_AVAILABILITY = YES_AGGRESSIVE;
				CLANG_WARN_UNREACHABLE_CODE = YES;
				CLANG_WARN__DUPLICATE_METHOD_MATCH = YES;
				COPY_PHASE_STRIP = NO;
				DEBUG_INFORMATION_FORMAT = "dwarf-with-dsym";
				ENABLE_NS_ASSERTIONS = NO;
				ENABLE_STRICT_OBJC_MSGSEND = YES;
				GCC_C_LANGUAGE_STANDARD = gnu11;
				GCC_NO_COMMON_BLOCKS = YES;
				GCC_WARN_64_TO_32_BIT_CONVERSION = YES;
				GCC_WARN_ABOUT_RETURN_TYPE = YES_ERROR;
				GCC_WARN_UNDECLARED_SELECTOR = YES;
				GCC_WARN_UNINITIALIZED_AUTOS = YES_AGGRESSIVE;
				GCC_WARN_UNUSED_FUNCTION = YES;
				GCC_WARN_UNUSED_VARIABLE = YES;
				IPHONEOS_DEPLOYMENT_TARGET = 15.0;
				MTL_ENABLE_DEBUG_INFO = NO;
				MTL_FAST_MATH = YES;
				SDKROOT = iphoneos;
				SWIFT_COMPILATION_MODE = wholemodule;
				SWIFT_OPTIMIZATION_LEVEL = "-O";
				VALIDATE_PRODUCT = YES;
			};
			name = Release;
		};
		B5C0FA6D2795DB5B00BE997E /* Debug */ = {
			isa = XCBuildConfiguration;
			baseConfigurationReference = 1BE211EABFA1722848F0ED8D /* Pods-SeSACFriends.debug.xcconfig */;
			buildSettings = {
				ASSETCATALOG_COMPILER_APPICON_NAME = AppIcon;
				ASSETCATALOG_COMPILER_GLOBAL_ACCENT_COLOR_NAME = AccentColor;
				CODE_SIGN_STYLE = Automatic;
				CURRENT_PROJECT_VERSION = 1;
				DEVELOPMENT_TEAM = 2EZ5QWFYX2;
				GENERATE_INFOPLIST_FILE = YES;
				INFOPLIST_FILE = SeSACFriends/Support/Info.plist;
				INFOPLIST_KEY_UIApplicationSupportsIndirectInputEvents = YES;
				INFOPLIST_KEY_UILaunchStoryboardName = LaunchScreen;
				INFOPLIST_KEY_UISupportedInterfaceOrientations_iPad = "UIInterfaceOrientationPortrait UIInterfaceOrientationPortraitUpsideDown UIInterfaceOrientationLandscapeLeft UIInterfaceOrientationLandscapeRight";
				INFOPLIST_KEY_UISupportedInterfaceOrientations_iPhone = "UIInterfaceOrientationPortrait UIInterfaceOrientationLandscapeLeft UIInterfaceOrientationLandscapeRight";
				IPHONEOS_DEPLOYMENT_TARGET = 15.0;
				LD_RUNPATH_SEARCH_PATHS = (
					"$(inherited)",
					"@executable_path/Frameworks",
				);
				MARKETING_VERSION = 1.0;
				PRODUCT_BUNDLE_IDENTIFIER = com.memolease.sesac1;
				PRODUCT_NAME = "$(TARGET_NAME)";
				SWIFT_EMIT_LOC_STRINGS = YES;
				SWIFT_VERSION = 5.0;
				TARGETED_DEVICE_FAMILY = 1;
			};
			name = Debug;
		};
		B5C0FA6E2795DB5B00BE997E /* Release */ = {
			isa = XCBuildConfiguration;
			baseConfigurationReference = D4C095AF49744C6D5D6656BB /* Pods-SeSACFriends.release.xcconfig */;
			buildSettings = {
				ASSETCATALOG_COMPILER_APPICON_NAME = AppIcon;
				ASSETCATALOG_COMPILER_GLOBAL_ACCENT_COLOR_NAME = AccentColor;
				CODE_SIGN_STYLE = Automatic;
				CURRENT_PROJECT_VERSION = 1;
				DEVELOPMENT_TEAM = 2EZ5QWFYX2;
				GENERATE_INFOPLIST_FILE = YES;
				INFOPLIST_FILE = SeSACFriends/Support/Info.plist;
				INFOPLIST_KEY_UIApplicationSupportsIndirectInputEvents = YES;
				INFOPLIST_KEY_UILaunchStoryboardName = LaunchScreen;
				INFOPLIST_KEY_UISupportedInterfaceOrientations_iPad = "UIInterfaceOrientationPortrait UIInterfaceOrientationPortraitUpsideDown UIInterfaceOrientationLandscapeLeft UIInterfaceOrientationLandscapeRight";
				INFOPLIST_KEY_UISupportedInterfaceOrientations_iPhone = "UIInterfaceOrientationPortrait UIInterfaceOrientationLandscapeLeft UIInterfaceOrientationLandscapeRight";
				IPHONEOS_DEPLOYMENT_TARGET = 15.0;
				LD_RUNPATH_SEARCH_PATHS = (
					"$(inherited)",
					"@executable_path/Frameworks",
				);
				MARKETING_VERSION = 1.0;
				PRODUCT_BUNDLE_IDENTIFIER = com.memolease.sesac1;
				PRODUCT_NAME = "$(TARGET_NAME)";
				SWIFT_EMIT_LOC_STRINGS = YES;
				SWIFT_VERSION = 5.0;
				TARGETED_DEVICE_FAMILY = 1;
			};
			name = Release;
		};
		B5C0FA702795DB5B00BE997E /* Debug */ = {
			isa = XCBuildConfiguration;
			baseConfigurationReference = B53B43AE880673F048EA4D42 /* Pods-SeSACFriendsTests.debug.xcconfig */;
			buildSettings = {
				ALWAYS_EMBED_SWIFT_STANDARD_LIBRARIES = YES;
				BUNDLE_LOADER = "$(TEST_HOST)";
				CODE_SIGN_STYLE = Automatic;
				CURRENT_PROJECT_VERSION = 1;
				DEVELOPMENT_TEAM = 2EZ5QWFYX2;
				GENERATE_INFOPLIST_FILE = YES;
				IPHONEOS_DEPLOYMENT_TARGET = 15.2;
				MARKETING_VERSION = 1.0;
				PRODUCT_BUNDLE_IDENTIFIER = com.miniOS.SeSACFriendsTests;
				PRODUCT_NAME = "$(TARGET_NAME)";
				SWIFT_EMIT_LOC_STRINGS = NO;
				SWIFT_VERSION = 5.0;
				TARGETED_DEVICE_FAMILY = "1,2";
				TEST_HOST = "$(BUILT_PRODUCTS_DIR)/SeSACFriends.app/SeSACFriends";
			};
			name = Debug;
		};
		B5C0FA712795DB5B00BE997E /* Release */ = {
			isa = XCBuildConfiguration;
			baseConfigurationReference = 861708C38600BEADE435267D /* Pods-SeSACFriendsTests.release.xcconfig */;
			buildSettings = {
				ALWAYS_EMBED_SWIFT_STANDARD_LIBRARIES = YES;
				BUNDLE_LOADER = "$(TEST_HOST)";
				CODE_SIGN_STYLE = Automatic;
				CURRENT_PROJECT_VERSION = 1;
				DEVELOPMENT_TEAM = 2EZ5QWFYX2;
				GENERATE_INFOPLIST_FILE = YES;
				IPHONEOS_DEPLOYMENT_TARGET = 15.2;
				MARKETING_VERSION = 1.0;
				PRODUCT_BUNDLE_IDENTIFIER = com.miniOS.SeSACFriendsTests;
				PRODUCT_NAME = "$(TARGET_NAME)";
				SWIFT_EMIT_LOC_STRINGS = NO;
				SWIFT_VERSION = 5.0;
				TARGETED_DEVICE_FAMILY = "1,2";
				TEST_HOST = "$(BUILT_PRODUCTS_DIR)/SeSACFriends.app/SeSACFriends";
			};
			name = Release;
		};
		B5C0FA732795DB5B00BE997E /* Debug */ = {
			isa = XCBuildConfiguration;
			baseConfigurationReference = 594CD0127833C5AC3F4374BC /* Pods-SeSACFriends-SeSACFriendsUITests.debug.xcconfig */;
			buildSettings = {
				ALWAYS_EMBED_SWIFT_STANDARD_LIBRARIES = YES;
				CODE_SIGN_STYLE = Automatic;
				CURRENT_PROJECT_VERSION = 1;
				DEVELOPMENT_TEAM = 2EZ5QWFYX2;
				GENERATE_INFOPLIST_FILE = YES;
				MARKETING_VERSION = 1.0;
				PRODUCT_BUNDLE_IDENTIFIER = com.miniOS.SeSACFriendsUITests;
				PRODUCT_NAME = "$(TARGET_NAME)";
				SWIFT_EMIT_LOC_STRINGS = NO;
				SWIFT_VERSION = 5.0;
				TARGETED_DEVICE_FAMILY = "1,2";
				TEST_TARGET_NAME = SeSACFriends;
			};
			name = Debug;
		};
		B5C0FA742795DB5B00BE997E /* Release */ = {
			isa = XCBuildConfiguration;
			baseConfigurationReference = 0A4F05330CDE67205DABF32C /* Pods-SeSACFriends-SeSACFriendsUITests.release.xcconfig */;
			buildSettings = {
				ALWAYS_EMBED_SWIFT_STANDARD_LIBRARIES = YES;
				CODE_SIGN_STYLE = Automatic;
				CURRENT_PROJECT_VERSION = 1;
				DEVELOPMENT_TEAM = 2EZ5QWFYX2;
				GENERATE_INFOPLIST_FILE = YES;
				MARKETING_VERSION = 1.0;
				PRODUCT_BUNDLE_IDENTIFIER = com.miniOS.SeSACFriendsUITests;
				PRODUCT_NAME = "$(TARGET_NAME)";
				SWIFT_EMIT_LOC_STRINGS = NO;
				SWIFT_VERSION = 5.0;
				TARGETED_DEVICE_FAMILY = "1,2";
				TEST_TARGET_NAME = SeSACFriends;
			};
			name = Release;
		};
/* End XCBuildConfiguration section */

/* Begin XCConfigurationList section */
		B5C0FA3D2795DB5A00BE997E /* Build configuration list for PBXProject "SeSACFriends" */ = {
			isa = XCConfigurationList;
			buildConfigurations = (
				B5C0FA6A2795DB5B00BE997E /* Debug */,
				B5C0FA6B2795DB5B00BE997E /* Release */,
			);
			defaultConfigurationIsVisible = 0;
			defaultConfigurationName = Release;
		};
		B5C0FA6C2795DB5B00BE997E /* Build configuration list for PBXNativeTarget "SeSACFriends" */ = {
			isa = XCConfigurationList;
			buildConfigurations = (
				B5C0FA6D2795DB5B00BE997E /* Debug */,
				B5C0FA6E2795DB5B00BE997E /* Release */,
			);
			defaultConfigurationIsVisible = 0;
			defaultConfigurationName = Release;
		};
		B5C0FA6F2795DB5B00BE997E /* Build configuration list for PBXNativeTarget "SeSACFriendsTests" */ = {
			isa = XCConfigurationList;
			buildConfigurations = (
				B5C0FA702795DB5B00BE997E /* Debug */,
				B5C0FA712795DB5B00BE997E /* Release */,
			);
			defaultConfigurationIsVisible = 0;
			defaultConfigurationName = Release;
		};
		B5C0FA722795DB5B00BE997E /* Build configuration list for PBXNativeTarget "SeSACFriendsUITests" */ = {
			isa = XCConfigurationList;
			buildConfigurations = (
				B5C0FA732795DB5B00BE997E /* Debug */,
				B5C0FA742795DB5B00BE997E /* Release */,
			);
			defaultConfigurationIsVisible = 0;
			defaultConfigurationName = Release;
		};
/* End XCConfigurationList section */
	};
	rootObject = B5C0FA3A2795DB5A00BE997E /* Project object */;
}
